// !$*UTF8*$!
{
	archiveVersion = 1;
	classes = {
	};
	objectVersion = 46;
	objects = {

/* Begin PBXBuildFile section */
		EA804DEB19FD3C1F007A9DE8 /* AppDelegate.swift in Sources */ = {isa = PBXBuildFile; fileRef = EA804DEA19FD3C1F007A9DE8 /* AppDelegate.swift */; };
		EA804DED19FD3C1F007A9DE8 /* ViewController.swift in Sources */ = {isa = PBXBuildFile; fileRef = EA804DEC19FD3C1F007A9DE8 /* ViewController.swift */; };
		EA804DF019FD3C1F007A9DE8 /* Main.storyboard in Resources */ = {isa = PBXBuildFile; fileRef = EA804DEE19FD3C1F007A9DE8 /* Main.storyboard */; };
		EA804DF219FD3C1F007A9DE8 /* Images.xcassets in Resources */ = {isa = PBXBuildFile; fileRef = EA804DF119FD3C1F007A9DE8 /* Images.xcassets */; };
		EA804DF519FD3C1F007A9DE8 /* LaunchScreen.xib in Resources */ = {isa = PBXBuildFile; fileRef = EA804DF319FD3C1F007A9DE8 /* LaunchScreen.xib */; };
		EA804E0119FD3C1F007A9DE8 /* UserTrackingModeTests.swift in Sources */ = {isa = PBXBuildFile; fileRef = EA804E0019FD3C1F007A9DE8 /* UserTrackingModeTests.swift */; };
		EA804E0B19FD3C82007A9DE8 /* MapKit.framework in Frameworks */ = {isa = PBXBuildFile; fileRef = EA804E0A19FD3C82007A9DE8 /* MapKit.framework */; };
		EA804E0D19FD3CB6007A9DE8 /* CoreLocation.framework in Frameworks */ = {isa = PBXBuildFile; fileRef = EA804E0C19FD3CB6007A9DE8 /* CoreLocation.framework */; };
/* End PBXBuildFile section */

/* Begin PBXContainerItemProxy section */
		EA804DFB19FD3C1F007A9DE8 /* PBXContainerItemProxy */ = {
			isa = PBXContainerItemProxy;
			containerPortal = EA804DDD19FD3C1F007A9DE8 /* Project object */;
			proxyType = 1;
			remoteGlobalIDString = EA804DE419FD3C1F007A9DE8;
			remoteInfo = UserTrackingMode;
		};
/* End PBXContainerItemProxy section */

/* Begin PBXFileReference section */
		EA804DE519FD3C1F007A9DE8 /* UserTrackingMode.app */ = {isa = PBXFileReference; explicitFileType = wrapper.application; includeInIndex = 0; path = UserTrackingMode.app; sourceTree = BUILT_PRODUCTS_DIR; };
		EA804DE919FD3C1F007A9DE8 /* Info.plist */ = {isa = PBXFileReference; lastKnownFileType = text.plist.xml; path = Info.plist; sourceTree = "<group>"; };
		EA804DEA19FD3C1F007A9DE8 /* AppDelegate.swift */ = {isa = PBXFileReference; lastKnownFileType = sourcecode.swift; path = AppDelegate.swift; sourceTree = "<group>"; };
		EA804DEC19FD3C1F007A9DE8 /* ViewController.swift */ = {isa = PBXFileReference; lastKnownFileType = sourcecode.swift; path = ViewController.swift; sourceTree = "<group>"; };
		EA804DEF19FD3C1F007A9DE8 /* Base */ = {isa = PBXFileReference; lastKnownFileType = file.storyboard; name = Base; path = Base.lproj/Main.storyboard; sourceTree = "<group>"; };
		EA804DF119FD3C1F007A9DE8 /* Images.xcassets */ = {isa = PBXFileReference; lastKnownFileType = folder.assetcatalog; path = Images.xcassets; sourceTree = "<group>"; };
		EA804DF419FD3C1F007A9DE8 /* Base */ = {isa = PBXFileReference; lastKnownFileType = file.xib; name = Base; path = Base.lproj/LaunchScreen.xib; sourceTree = "<group>"; };
		EA804DFA19FD3C1F007A9DE8 /* UserTrackingModeTests.xctest */ = {isa = PBXFileReference; explicitFileType = wrapper.cfbundle; includeInIndex = 0; path = UserTrackingModeTests.xctest; sourceTree = BUILT_PRODUCTS_DIR; };
		EA804DFF19FD3C1F007A9DE8 /* Info.plist */ = {isa = PBXFileReference; lastKnownFileType = text.plist.xml; path = Info.plist; sourceTree = "<group>"; };
		EA804E0019FD3C1F007A9DE8 /* UserTrackingModeTests.swift */ = {isa = PBXFileReference; lastKnownFileType = sourcecode.swift; path = UserTrackingModeTests.swift; sourceTree = "<group>"; };
		EA804E0A19FD3C82007A9DE8 /* MapKit.framework */ = {isa = PBXFileReference; lastKnownFileType = wrapper.framework; name = MapKit.framework; path = System/Library/Frameworks/MapKit.framework; sourceTree = SDKROOT; };
		EA804E0C19FD3CB6007A9DE8 /* CoreLocation.framework */ = {isa = PBXFileReference; lastKnownFileType = wrapper.framework; name = CoreLocation.framework; path = System/Library/Frameworks/CoreLocation.framework; sourceTree = SDKROOT; };
/* End PBXFileReference section */

/* Begin PBXFrameworksBuildPhase section */
		EA804DE219FD3C1F007A9DE8 /* Frameworks */ = {
			isa = PBXFrameworksBuildPhase;
			buildActionMask = 2147483647;
			files = (
				EA804E0D19FD3CB6007A9DE8 /* CoreLocation.framework in Frameworks */,
				EA804E0B19FD3C82007A9DE8 /* MapKit.framework in Frameworks */,
			);
			runOnlyForDeploymentPostprocessing = 0;
		};
		EA804DF719FD3C1F007A9DE8 /* Frameworks */ = {
			isa = PBXFrameworksBuildPhase;
			buildActionMask = 2147483647;
			files = (
			);
			runOnlyForDeploymentPostprocessing = 0;
		};
/* End PBXFrameworksBuildPhase section */

/* Begin PBXGroup section */
		EA804DDC19FD3C1F007A9DE8 = {
			isa = PBXGroup;
			children = (
				EA804E0C19FD3CB6007A9DE8 /* CoreLocation.framework */,
				EA804E0A19FD3C82007A9DE8 /* MapKit.framework */,
				EA804DE719FD3C1F007A9DE8 /* UserTrackingMode */,
				EA804DFD19FD3C1F007A9DE8 /* UserTrackingModeTests */,
				EA804DE619FD3C1F007A9DE8 /* Products */,
			);
			sourceTree = "<group>";
		};
		EA804DE619FD3C1F007A9DE8 /* Products */ = {
			isa = PBXGroup;
			children = (
				EA804DE519FD3C1F007A9DE8 /* UserTrackingMode.app */,
				EA804DFA19FD3C1F007A9DE8 /* UserTrackingModeTests.xctest */,
			);
			name = Products;
			sourceTree = "<group>";
		};
		EA804DE719FD3C1F007A9DE8 /* UserTrackingMode */ = {
			isa = PBXGroup;
			children = (
				EA804DEA19FD3C1F007A9DE8 /* AppDelegate.swift */,
				EA804DEC19FD3C1F007A9DE8 /* ViewController.swift */,
				EA804DEE19FD3C1F007A9DE8 /* Main.storyboard */,
				EA804DF119FD3C1F007A9DE8 /* Images.xcassets */,
				EA804DF319FD3C1F007A9DE8 /* LaunchScreen.xib */,
				EA804DE819FD3C1F007A9DE8 /* Supporting Files */,
			);
			path = UserTrackingMode;
			sourceTree = "<group>";
		};
		EA804DE819FD3C1F007A9DE8 /* Supporting Files */ = {
			isa = PBXGroup;
			children = (
				EA804DE919FD3C1F007A9DE8 /* Info.plist */,
			);
			name = "Supporting Files";
			sourceTree = "<group>";
		};
		EA804DFD19FD3C1F007A9DE8 /* UserTrackingModeTests */ = {
			isa = PBXGroup;
			children = (
				EA804E0019FD3C1F007A9DE8 /* UserTrackingModeTests.swift */,
				EA804DFE19FD3C1F007A9DE8 /* Supporting Files */,
			);
			path = UserTrackingModeTests;
			sourceTree = "<group>";
		};
		EA804DFE19FD3C1F007A9DE8 /* Supporting Files */ = {
			isa = PBXGroup;
			children = (
				EA804DFF19FD3C1F007A9DE8 /* Info.plist */,
			);
			name = "Supporting Files";
			sourceTree = "<group>";
		};
/* End PBXGroup section */

/* Begin PBXNativeTarget section */
		EA804DE419FD3C1F007A9DE8 /* UserTrackingMode */ = {
			isa = PBXNativeTarget;
			buildConfigurationList = EA804E0419FD3C1F007A9DE8 /* Build configuration list for PBXNativeTarget "UserTrackingMode" */;
			buildPhases = (
				EA804DE119FD3C1F007A9DE8 /* Sources */,
				EA804DE219FD3C1F007A9DE8 /* Frameworks */,
				EA804DE319FD3C1F007A9DE8 /* Resources */,
			);
			buildRules = (
			);
			dependencies = (
			);
			name = UserTrackingMode;
			productName = UserTrackingMode;
			productReference = EA804DE519FD3C1F007A9DE8 /* UserTrackingMode.app */;
			productType = "com.apple.product-type.application";
		};
		EA804DF919FD3C1F007A9DE8 /* UserTrackingModeTests */ = {
			isa = PBXNativeTarget;
			buildConfigurationList = EA804E0719FD3C1F007A9DE8 /* Build configuration list for PBXNativeTarget "UserTrackingModeTests" */;
			buildPhases = (
				EA804DF619FD3C1F007A9DE8 /* Sources */,
				EA804DF719FD3C1F007A9DE8 /* Frameworks */,
				EA804DF819FD3C1F007A9DE8 /* Resources */,
			);
			buildRules = (
			);
			dependencies = (
				EA804DFC19FD3C1F007A9DE8 /* PBXTargetDependency */,
			);
			name = UserTrackingModeTests;
			productName = UserTrackingModeTests;
			productReference = EA804DFA19FD3C1F007A9DE8 /* UserTrackingModeTests.xctest */;
			productType = "com.apple.product-type.bundle.unit-test";
		};
/* End PBXNativeTarget section */

/* Begin PBXProject section */
		EA804DDD19FD3C1F007A9DE8 /* Project object */ = {
			isa = PBXProject;
			attributes = {
				LastUpgradeCheck = 0610;
				ORGANIZATIONNAME = tony;
				TargetAttributes = {
					EA804DE419FD3C1F007A9DE8 = {
						CreatedOnToolsVersion = 6.1;
					};
					EA804DF919FD3C1F007A9DE8 = {
						CreatedOnToolsVersion = 6.1;
						TestTargetID = EA804DE419FD3C1F007A9DE8;
					};
				};
			};
			buildConfigurationList = EA804DE019FD3C1F007A9DE8 /* Build configuration list for PBXProject "UserTrackingMode" */;
			compatibilityVersion = "Xcode 3.2";
			developmentRegion = English;
			hasScannedForEncodings = 0;
			knownRegions = (
				en,
				Base,
			);
			mainGroup = EA804DDC19FD3C1F007A9DE8;
			productRefGroup = EA804DE619FD3C1F007A9DE8 /* Products */;
			projectDirPath = "";
			projectRoot = "";
			targets = (
				EA804DE419FD3C1F007A9DE8 /* UserTrackingMode */,
				EA804DF919FD3C1F007A9DE8 /* UserTrackingModeTests */,
			);
		};
/* End PBXProject section */

/* Begin PBXResourcesBuildPhase section */
		EA804DE319FD3C1F007A9DE8 /* Resources */ = {
			isa = PBXResourcesBuildPhase;
			buildActionMask = 2147483647;
			files = (
				EA804DF019FD3C1F007A9DE8 /* Main.storyboard in Resources */,
				EA804DF519FD3C1F007A9DE8 /* LaunchScreen.xib in Resources */,
				EA804DF219FD3C1F007A9DE8 /* Images.xcassets in Resources */,
			);
			runOnlyForDeploymentPostprocessing = 0;
		};
		EA804DF819FD3C1F007A9DE8 /* Resources */ = {
			isa = PBXResourcesBuildPhase;
			buildActionMask = 2147483647;
			files = (
			);
			runOnlyForDeploymentPostprocessing = 0;
		};
/* End PBXResourcesBuildPhase section */

/* Begin PBXSourcesBuildPhase section */
		EA804DE119FD3C1F007A9DE8 /* Sources */ = {
			isa = PBXSourcesBuildPhase;
			buildActionMask = 2147483647;
			files = (
				EA804DED19FD3C1F007A9DE8 /* ViewController.swift in Sources */,
				EA804DEB19FD3C1F007A9DE8 /* AppDelegate.swift in Sources */,
			);
			runOnlyForDeploymentPostprocessing = 0;
		};
		EA804DF619FD3C1F007A9DE8 /* Sources */ = {
			isa = PBXSourcesBuildPhase;
			buildActionMask = 2147483647;
			files = (
				EA804E0119FD3C1F007A9DE8 /* UserTrackingModeTests.swift in Sources */,
			);
			runOnlyForDeploymentPostprocessing = 0;
		};
/* End PBXSourcesBuildPhase section */

/* Begin PBXTargetDependency section */
		EA804DFC19FD3C1F007A9DE8 /* PBXTargetDependency */ = {
			isa = PBXTargetDependency;
			target = EA804DE419FD3C1F007A9DE8 /* UserTrackingMode */;
			targetProxy = EA804DFB19FD3C1F007A9DE8 /* PBXContainerItemProxy */;
		};
/* End PBXTargetDependency section */

/* Begin PBXVariantGroup section */
		EA804DEE19FD3C1F007A9DE8 /* Main.storyboard */ = {
			isa = PBXVariantGroup;
			children = (
				EA804DEF19FD3C1F007A9DE8 /* Base */,
			);
			name = Main.storyboard;
			sourceTree = "<group>";
		};
		EA804DF319FD3C1F007A9DE8 /* LaunchScreen.xib */ = {
			isa = PBXVariantGroup;
			children = (
				EA804DF419FD3C1F007A9DE8 /* Base */,
			);
			name = LaunchScreen.xib;
			sourceTree = "<group>";
		};
/* End PBXVariantGroup section */

/* Begin XCBuildConfiguration section */
		EA804E0219FD3C1F007A9DE8 /* Debug */ = {
			isa = XCBuildConfiguration;
			buildSettings = {
				ALWAYS_SEARCH_USER_PATHS = NO;
				CLANG_CXX_LANGUAGE_STANDARD = "gnu++0x";
				CLANG_CXX_LIBRARY = "libc++";
				CLANG_ENABLE_MODULES = YES;
				CLANG_ENABLE_OBJC_ARC = YES;
				CLANG_WARN_BOOL_CONVERSION = YES;
				CLANG_WARN_CONSTANT_CONVERSION = YES;
				CLANG_WARN_DIRECT_OBJC_ISA_USAGE = YES_ERROR;
				CLANG_WARN_EMPTY_BODY = YES;
				CLANG_WARN_ENUM_CONVERSION = YES;
				CLANG_WARN_INT_CONVERSION = YES;
				CLANG_WARN_OBJC_ROOT_CLASS = YES_ERROR;
				CLANG_WARN_UNREACHABLE_CODE = YES;
				CLANG_WARN__DUPLICATE_METHOD_MATCH = YES;
				"CODE_SIGN_IDENTITY[sdk=iphoneos*]" = "iPhone Developer";
				COPY_PHASE_STRIP = NO;
				ENABLE_STRICT_OBJC_MSGSEND = YES;
				GCC_C_LANGUAGE_STANDARD = gnu99;
				GCC_DYNAMIC_NO_PIC = NO;
				GCC_OPTIMIZATION_LEVEL = 0;
				GCC_PREPROCESSOR_DEFINITIONS = (
					"DEBUG=1",
					"$(inherited)",
				);
				GCC_SYMBOLS_PRIVATE_EXTERN = NO;
				GCC_WARN_64_TO_32_BIT_CONVERSION = YES;
				GCC_WARN_ABOUT_RETURN_TYPE = YES_ERROR;
				GCC_WARN_UNDECLARED_SELECTOR = YES;
				GCC_WARN_UNINITIALIZED_AUTOS = YES_AGGRESSIVE;
				GCC_WARN_UNUSED_FUNCTION = YES;
				GCC_WARN_UNUSED_VARIABLE = YES;
				IPHONEOS_DEPLOYMENT_TARGET = 8.1;
				MTL_ENABLE_DEBUG_INFO = YES;
				ONLY_ACTIVE_ARCH = YES;
				SDKROOT = iphoneos;
				SWIFT_OPTIMIZATION_LEVEL = "-Onone";
			};
			name = Debug;
		};
		EA804E0319FD3C1F007A9DE8 /* Release */ = {
			isa = XCBuildConfiguration;
			buildSettings = {
				ALWAYS_SEARCH_USER_PATHS = NO;
				CLANG_CXX_LANGUAGE_STANDARD = "gnu++0x";
				CLANG_CXX_LIBRARY = "libc++";
				CLANG_ENABLE_MODULES = YES;
				CLANG_ENABLE_OBJC_ARC = YES;
				CLANG_WARN_BOOL_CONVERSION = YES;
				CLANG_WARN_CONSTANT_CONVERSION = YES;
				CLANG_WARN_DIRECT_OBJC_ISA_USAGE = YES_ERROR;
				CLANG_WARN_EMPTY_BODY = YES;
				CLANG_WARN_ENUM_CONVERSION = YES;
				CLANG_WARN_INT_CONVERSION = YES;
				CLANG_WARN_OBJC_ROOT_CLASS = YES_ERROR;
				CLANG_WARN_UNREACHABLE_CODE = YES;
				CLANG_WARN__DUPLICATE_METHOD_MATCH = YES;
				"CODE_SIGN_IDENTITY[sdk=iphoneos*]" = "iPhone Developer";
				COPY_PHASE_STRIP = YES;
				ENABLE_NS_ASSERTIONS = NO;
				ENABLE_STRICT_OBJC_MSGSEND = YES;
				GCC_C_LANGUAGE_STANDARD = gnu99;
				GCC_WARN_64_TO_32_BIT_CONVERSION = YES;
				GCC_WARN_ABOUT_RETURN_TYPE = YES_ERROR;
				GCC_WARN_UNDECLARED_SELECTOR = YES;
				GCC_WARN_UNINITIALIZED_AUTOS = YES_AGGRESSIVE;
				GCC_WARN_UNUSED_FUNCTION = YES;
				GCC_WARN_UNUSED_VARIABLE = YES;
				IPHONEOS_DEPLOYMENT_TARGET = 8.1;
				MTL_ENABLE_DEBUG_INFO = NO;
				SDKROOT = iphoneos;
				VALIDATE_PRODUCT = YES;
			};
			name = Release;
		};
		EA804E0519FD3C1F007A9DE8 /* Debug */ = {
			isa = XCBuildConfiguration;
			buildSettings = {
				ASSETCATALOG_COMPILER_APPICON_NAME = AppIcon;
				INFOPLIST_FILE = UserTrackingMode/Info.plist;
				LD_RUNPATH_SEARCH_PATHS = "$(inherited) @executable_path/Frameworks";
				PRODUCT_NAME = "$(TARGET_NAME)";
			};
			name = Debug;
		};
		EA804E0619FD3C1F007A9DE8 /* Release */ = {
			isa = XCBuildConfiguration;
			buildSettings = {
				ASSETCATALOG_COMPILER_APPICON_NAME = AppIcon;
				INFOPLIST_FILE = UserTrackingMode/Info.plist;
				LD_RUNPATH_SEARCH_PATHS = "$(inherited) @executable_path/Frameworks";
				PRODUCT_NAME = "$(TARGET_NAME)";
			};
			name = Release;
		};
		EA804E0819FD3C1F007A9DE8 /* Debug */ = {
			isa = XCBuildConfiguration;
			buildSettings = {
				BUNDLE_LOADER = "$(TEST_HOST)";
				FRAMEWORK_SEARCH_PATHS = (
					"$(SDKROOT)/Developer/Library/Frameworks",
					"$(inherited)",
				);
				GCC_PREPROCESSOR_DEFINITIONS = (
					"DEBUG=1",
					"$(inherited)",
				);
				INFOPLIST_FILE = UserTrackingModeTests/Info.plist;
				LD_RUNPATH_SEARCH_PATHS = "$(inherited) @executable_path/Frameworks @loader_path/Frameworks";
				PRODUCT_NAME = "$(TARGET_NAME)";
				TEST_HOST = "$(BUILT_PRODUCTS_DIR)/UserTrackingMode.app/UserTrackingMode";
			};
			name = Debug;
		};
		EA804E0919FD3C1F007A9DE8 /* Release */ = {
			isa = XCBuildConfiguration;
			buildSettings = {
				BUNDLE_LOADER = "$(TEST_HOST)";
				FRAMEWORK_SEARCH_PATHS = (
					"$(SDKROOT)/Developer/Library/Frameworks",
					"$(inherited)",
				);
				INFOPLIST_FILE = UserTrackingModeTests/Info.plist;
				LD_RUNPATH_SEARCH_PATHS = "$(inherited) @executable_path/Frameworks @loader_path/Frameworks";
				PRODUCT_NAME = "$(TARGET_NAME)";
				TEST_HOST = "$(BUILT_PRODUCTS_DIR)/UserTrackingMode.app/UserTrackingMode";
			};
			name = Release;
		};
/* End XCBuildConfiguration section */

/* Begin XCConfigurationList section */
		EA804DE019FD3C1F007A9DE8 /* Build configuration list for PBXProject "UserTrackingMode" */ = {
			isa = XCConfigurationList;
			buildConfigurations = (
				EA804E0219FD3C1F007A9DE8 /* Debug */,
				EA804E0319FD3C1F007A9DE8 /* Release */,
			);
			defaultConfigurationIsVisible = 0;
			defaultConfigurationName = Release;
		};
		EA804E0419FD3C1F007A9DE8 /* Build configuration list for PBXNativeTarget "UserTrackingMode" */ = {
			isa = XCConfigurationList;
			buildConfigurations = (
				EA804E0519FD3C1F007A9DE8 /* Debug */,
				EA804E0619FD3C1F007A9DE8 /* Release */,
			);
			defaultConfigurationIsVisible = 0;
		};
		EA804E0719FD3C1F007A9DE8 /* Build configuration list for PBXNativeTarget "UserTrackingModeTests" */ = {
			isa = XCConfigurationList;
			buildConfigurations = (
				EA804E0819FD3C1F007A9DE8 /* Debug */,
				EA804E0919FD3C1F007A9DE8 /* Release */,
			);
			defaultConfigurationIsVisible = 0;
		};
/* End XCConfigurationList section */
	};
	rootObject = EA804DDD19FD3C1F007A9DE8 /* Project object */;
}
