// !$*UTF8*$!
{
	archiveVersion = 1;
	classes = {
	};
	objectVersion = 46;
	objects = {

/* Begin PBXBuildFile section */
		EA804E0F19FD51B6007A9DE8 /* CoreLocation.framework in Frameworks */ = {isa = PBXBuildFile; fileRef = EA804E0E19FD51B6007A9DE8 /* CoreLocation.framework */; };
		EA804E1119FD51BC007A9DE8 /* MapKit.framework in Frameworks */ = {isa = PBXBuildFile; fileRef = EA804E1019FD51BC007A9DE8 /* MapKit.framework */; };
		EABE3C6319FBEBDB0087BBF0 /* AppDelegate.swift in Sources */ = {isa = PBXBuildFile; fileRef = EABE3C6219FBEBDB0087BBF0 /* AppDelegate.swift */; };
		EABE3C6519FBEBDB0087BBF0 /* ViewController.swift in Sources */ = {isa = PBXBuildFile; fileRef = EABE3C6419FBEBDB0087BBF0 /* ViewController.swift */; };
		EABE3C6819FBEBDB0087BBF0 /* Main.storyboard in Resources */ = {isa = PBXBuildFile; fileRef = EABE3C6619FBEBDB0087BBF0 /* Main.storyboard */; };
		EABE3C6A19FBEBDB0087BBF0 /* Images.xcassets in Resources */ = {isa = PBXBuildFile; fileRef = EABE3C6919FBEBDB0087BBF0 /* Images.xcassets */; };
		EABE3C6D19FBEBDB0087BBF0 /* LaunchScreen.xib in Resources */ = {isa = PBXBuildFile; fileRef = EABE3C6B19FBEBDB0087BBF0 /* LaunchScreen.xib */; };
		EABE3C7919FBEBDB0087BBF0 /* GeocodeQueryTests.swift in Sources */ = {isa = PBXBuildFile; fileRef = EABE3C7819FBEBDB0087BBF0 /* GeocodeQueryTests.swift */; };
/* End PBXBuildFile section */

/* Begin PBXContainerItemProxy section */
		EABE3C7319FBEBDB0087BBF0 /* PBXContainerItemProxy */ = {
			isa = PBXContainerItemProxy;
			containerPortal = EABE3C5519FBEBDB0087BBF0 /* Project object */;
			proxyType = 1;
			remoteGlobalIDString = EABE3C5C19FBEBDB0087BBF0;
			remoteInfo = GeocodeQuery;
		};
/* End PBXContainerItemProxy section */

/* Begin PBXFileReference section */
		EA804E0E19FD51B6007A9DE8 /* CoreLocation.framework */ = {isa = PBXFileReference; lastKnownFileType = wrapper.framework; name = CoreLocation.framework; path = System/Library/Frameworks/CoreLocation.framework; sourceTree = SDKROOT; };
		EA804E1019FD51BC007A9DE8 /* MapKit.framework */ = {isa = PBXFileReference; lastKnownFileType = wrapper.framework; name = MapKit.framework; path = System/Library/Frameworks/MapKit.framework; sourceTree = SDKROOT; };
		EABE3C5D19FBEBDB0087BBF0 /* GeocodeQuery.app */ = {isa = PBXFileReference; explicitFileType = wrapper.application; includeInIndex = 0; path = GeocodeQuery.app; sourceTree = BUILT_PRODUCTS_DIR; };
		EABE3C6119FBEBDB0087BBF0 /* Info.plist */ = {isa = PBXFileReference; lastKnownFileType = text.plist.xml; path = Info.plist; sourceTree = "<group>"; };
		EABE3C6219FBEBDB0087BBF0 /* AppDelegate.swift */ = {isa = PBXFileReference; lastKnownFileType = sourcecode.swift; path = AppDelegate.swift; sourceTree = "<group>"; };
		EABE3C6419FBEBDB0087BBF0 /* ViewController.swift */ = {isa = PBXFileReference; lastKnownFileType = sourcecode.swift; path = ViewController.swift; sourceTree = "<group>"; };
		EABE3C6719FBEBDB0087BBF0 /* Base */ = {isa = PBXFileReference; lastKnownFileType = file.storyboard; name = Base; path = Base.lproj/Main.storyboard; sourceTree = "<group>"; };
		EABE3C6919FBEBDB0087BBF0 /* Images.xcassets */ = {isa = PBXFileReference; lastKnownFileType = folder.assetcatalog; path = Images.xcassets; sourceTree = "<group>"; };
		EABE3C6C19FBEBDB0087BBF0 /* Base */ = {isa = PBXFileReference; lastKnownFileType = file.xib; name = Base; path = Base.lproj/LaunchScreen.xib; sourceTree = "<group>"; };
		EABE3C7219FBEBDB0087BBF0 /* GeocodeQueryTests.xctest */ = {isa = PBXFileReference; explicitFileType = wrapper.cfbundle; includeInIndex = 0; path = GeocodeQueryTests.xctest; sourceTree = BUILT_PRODUCTS_DIR; };
		EABE3C7719FBEBDB0087BBF0 /* Info.plist */ = {isa = PBXFileReference; lastKnownFileType = text.plist.xml; path = Info.plist; sourceTree = "<group>"; };
		EABE3C7819FBEBDB0087BBF0 /* GeocodeQueryTests.swift */ = {isa = PBXFileReference; lastKnownFileType = sourcecode.swift; path = GeocodeQueryTests.swift; sourceTree = "<group>"; };
/* End PBXFileReference section */

/* Begin PBXFrameworksBuildPhase section */
		EABE3C5A19FBEBDB0087BBF0 /* Frameworks */ = {
			isa = PBXFrameworksBuildPhase;
			buildActionMask = 2147483647;
			files = (
				EA804E1119FD51BC007A9DE8 /* MapKit.framework in Frameworks */,
				EA804E0F19FD51B6007A9DE8 /* CoreLocation.framework in Frameworks */,
			);
			runOnlyForDeploymentPostprocessing = 0;
		};
		EABE3C6F19FBEBDB0087BBF0 /* Frameworks */ = {
			isa = PBXFrameworksBuildPhase;
			buildActionMask = 2147483647;
			files = (
			);
			runOnlyForDeploymentPostprocessing = 0;
		};
/* End PBXFrameworksBuildPhase section */

/* Begin PBXGroup section */
		EABE3C5419FBEBDB0087BBF0 = {
			isa = PBXGroup;
			children = (
				EA804E1019FD51BC007A9DE8 /* MapKit.framework */,
				EA804E0E19FD51B6007A9DE8 /* CoreLocation.framework */,
				EABE3C5F19FBEBDB0087BBF0 /* GeocodeQuery */,
				EABE3C7519FBEBDB0087BBF0 /* GeocodeQueryTests */,
				EABE3C5E19FBEBDB0087BBF0 /* Products */,
			);
			sourceTree = "<group>";
		};
		EABE3C5E19FBEBDB0087BBF0 /* Products */ = {
			isa = PBXGroup;
			children = (
				EABE3C5D19FBEBDB0087BBF0 /* GeocodeQuery.app */,
				EABE3C7219FBEBDB0087BBF0 /* GeocodeQueryTests.xctest */,
			);
			name = Products;
			sourceTree = "<group>";
		};
		EABE3C5F19FBEBDB0087BBF0 /* GeocodeQuery */ = {
			isa = PBXGroup;
			children = (
				EABE3C6219FBEBDB0087BBF0 /* AppDelegate.swift */,
				EABE3C6419FBEBDB0087BBF0 /* ViewController.swift */,
				EABE3C6619FBEBDB0087BBF0 /* Main.storyboard */,
				EABE3C6919FBEBDB0087BBF0 /* Images.xcassets */,
				EABE3C6B19FBEBDB0087BBF0 /* LaunchScreen.xib */,
				EABE3C6019FBEBDB0087BBF0 /* Supporting Files */,
			);
			path = GeocodeQuery;
			sourceTree = "<group>";
		};
		EABE3C6019FBEBDB0087BBF0 /* Supporting Files */ = {
			isa = PBXGroup;
			children = (
				EABE3C6119FBEBDB0087BBF0 /* Info.plist */,
			);
			name = "Supporting Files";
			sourceTree = "<group>";
		};
		EABE3C7519FBEBDB0087BBF0 /* GeocodeQueryTests */ = {
			isa = PBXGroup;
			children = (
				EABE3C7819FBEBDB0087BBF0 /* GeocodeQueryTests.swift */,
				EABE3C7619FBEBDB0087BBF0 /* Supporting Files */,
			);
			path = GeocodeQueryTests;
			sourceTree = "<group>";
		};
		EABE3C7619FBEBDB0087BBF0 /* Supporting Files */ = {
			isa = PBXGroup;
			children = (
				EABE3C7719FBEBDB0087BBF0 /* Info.plist */,
			);
			name = "Supporting Files";
			sourceTree = "<group>";
		};
/* End PBXGroup section */

/* Begin PBXNativeTarget section */
		EABE3C5C19FBEBDB0087BBF0 /* GeocodeQuery */ = {
			isa = PBXNativeTarget;
			buildConfigurationList = EABE3C7C19FBEBDB0087BBF0 /* Build configuration list for PBXNativeTarget "GeocodeQuery" */;
			buildPhases = (
				EABE3C5919FBEBDB0087BBF0 /* Sources */,
				EABE3C5A19FBEBDB0087BBF0 /* Frameworks */,
				EABE3C5B19FBEBDB0087BBF0 /* Resources */,
			);
			buildRules = (
			);
			dependencies = (
			);
			name = GeocodeQuery;
			productName = GeocodeQuery;
			productReference = EABE3C5D19FBEBDB0087BBF0 /* GeocodeQuery.app */;
			productType = "com.apple.product-type.application";
		};
		EABE3C7119FBEBDB0087BBF0 /* GeocodeQueryTests */ = {
			isa = PBXNativeTarget;
			buildConfigurationList = EABE3C7F19FBEBDB0087BBF0 /* Build configuration list for PBXNativeTarget "GeocodeQueryTests" */;
			buildPhases = (
				EABE3C6E19FBEBDB0087BBF0 /* Sources */,
				EABE3C6F19FBEBDB0087BBF0 /* Frameworks */,
				EABE3C7019FBEBDB0087BBF0 /* Resources */,
			);
			buildRules = (
			);
			dependencies = (
				EABE3C7419FBEBDB0087BBF0 /* PBXTargetDependency */,
			);
			name = GeocodeQueryTests;
			productName = GeocodeQueryTests;
			productReference = EABE3C7219FBEBDB0087BBF0 /* GeocodeQueryTests.xctest */;
			productType = "com.apple.product-type.bundle.unit-test";
		};
/* End PBXNativeTarget section */

/* Begin PBXProject section */
		EABE3C5519FBEBDB0087BBF0 /* Project object */ = {
			isa = PBXProject;
			attributes = {
				LastUpgradeCheck = 0610;
				ORGANIZATIONNAME = tony;
				TargetAttributes = {
					EABE3C5C19FBEBDB0087BBF0 = {
						CreatedOnToolsVersion = 6.1;
					};
					EABE3C7119FBEBDB0087BBF0 = {
						CreatedOnToolsVersion = 6.1;
						TestTargetID = EABE3C5C19FBEBDB0087BBF0;
					};
				};
			};
			buildConfigurationList = EABE3C5819FBEBDB0087BBF0 /* Build configuration list for PBXProject "GeocodeQuery" */;
			compatibilityVersion = "Xcode 3.2";
			developmentRegion = English;
			hasScannedForEncodings = 0;
			knownRegions = (
				en,
				Base,
			);
			mainGroup = EABE3C5419FBEBDB0087BBF0;
			productRefGroup = EABE3C5E19FBEBDB0087BBF0 /* Products */;
			projectDirPath = "";
			projectRoot = "";
			targets = (
				EABE3C5C19FBEBDB0087BBF0 /* GeocodeQuery */,
				EABE3C7119FBEBDB0087BBF0 /* GeocodeQueryTests */,
			);
		};
/* End PBXProject section */

/* Begin PBXResourcesBuildPhase section */
		EABE3C5B19FBEBDB0087BBF0 /* Resources */ = {
			isa = PBXResourcesBuildPhase;
			buildActionMask = 2147483647;
			files = (
				EABE3C6819FBEBDB0087BBF0 /* Main.storyboard in Resources */,
				EABE3C6D19FBEBDB0087BBF0 /* LaunchScreen.xib in Resources */,
				EABE3C6A19FBEBDB0087BBF0 /* Images.xcassets in Resources */,
			);
			runOnlyForDeploymentPostprocessing = 0;
		};
		EABE3C7019FBEBDB0087BBF0 /* Resources */ = {
			isa = PBXResourcesBuildPhase;
			buildActionMask = 2147483647;
			files = (
			);
			runOnlyForDeploymentPostprocessing = 0;
		};
/* End PBXResourcesBuildPhase section */

/* Begin PBXSourcesBuildPhase section */
		EABE3C5919FBEBDB0087BBF0 /* Sources */ = {
			isa = PBXSourcesBuildPhase;
			buildActionMask = 2147483647;
			files = (
				EABE3C6519FBEBDB0087BBF0 /* ViewController.swift in Sources */,
				EABE3C6319FBEBDB0087BBF0 /* AppDelegate.swift in Sources */,
			);
			runOnlyForDeploymentPostprocessing = 0;
		};
		EABE3C6E19FBEBDB0087BBF0 /* Sources */ = {
			isa = PBXSourcesBuildPhase;
			buildActionMask = 2147483647;
			files = (
				EABE3C7919FBEBDB0087BBF0 /* GeocodeQueryTests.swift in Sources */,
			);
			runOnlyForDeploymentPostprocessing = 0;
		};
/* End PBXSourcesBuildPhase section */

/* Begin PBXTargetDependency section */
		EABE3C7419FBEBDB0087BBF0 /* PBXTargetDependency */ = {
			isa = PBXTargetDependency;
			target = EABE3C5C19FBEBDB0087BBF0 /* GeocodeQuery */;
			targetProxy = EABE3C7319FBEBDB0087BBF0 /* PBXContainerItemProxy */;
		};
/* End PBXTargetDependency section */

/* Begin PBXVariantGroup section */
		EABE3C6619FBEBDB0087BBF0 /* Main.storyboard */ = {
			isa = PBXVariantGroup;
			children = (
				EABE3C6719FBEBDB0087BBF0 /* Base */,
			);
			name = Main.storyboard;
			sourceTree = "<group>";
		};
		EABE3C6B19FBEBDB0087BBF0 /* LaunchScreen.xib */ = {
			isa = PBXVariantGroup;
			children = (
				EABE3C6C19FBEBDB0087BBF0 /* Base */,
			);
			name = LaunchScreen.xib;
			sourceTree = "<group>";
		};
/* End PBXVariantGroup section */

/* Begin XCBuildConfiguration section */
		EABE3C7A19FBEBDB0087BBF0 /* Debug */ = {
			isa = XCBuildConfiguration;
			buildSettings = {
				ALWAYS_SEARCH_USER_PATHS = NO;
				CLANG_CXX_LANGUAGE_STANDARD = "gnu++0x";
				CLANG_CXX_LIBRARY = "libc++";
				CLANG_ENABLE_MODULES = YES;
				CLANG_ENABLE_OBJC_ARC = YES;
				CLANG_WARN_BOOL_CONVERSION = YES;
				CLANG_WARN_CONSTANT_CONVERSION = YES;
				CLANG_WARN_DIRECT_OBJC_ISA_USAGE = YES_ERROR;
				CLANG_WARN_EMPTY_BODY = YES;
				CLANG_WARN_ENUM_CONVERSION = YES;
				CLANG_WARN_INT_CONVERSION = YES;
				CLANG_WARN_OBJC_ROOT_CLASS = YES_ERROR;
				CLANG_WARN_UNREACHABLE_CODE = YES;
				CLANG_WARN__DUPLICATE_METHOD_MATCH = YES;
				"CODE_SIGN_IDENTITY[sdk=iphoneos*]" = "iPhone Developer";
				COPY_PHASE_STRIP = NO;
				ENABLE_STRICT_OBJC_MSGSEND = YES;
				GCC_C_LANGUAGE_STANDARD = gnu99;
				GCC_DYNAMIC_NO_PIC = NO;
				GCC_OPTIMIZATION_LEVEL = 0;
				GCC_PREPROCESSOR_DEFINITIONS = (
					"DEBUG=1",
					"$(inherited)",
				);
				GCC_SYMBOLS_PRIVATE_EXTERN = NO;
				GCC_WARN_64_TO_32_BIT_CONVERSION = YES;
				GCC_WARN_ABOUT_RETURN_TYPE = YES_ERROR;
				GCC_WARN_UNDECLARED_SELECTOR = YES;
				GCC_WARN_UNINITIALIZED_AUTOS = YES_AGGRESSIVE;
				GCC_WARN_UNUSED_FUNCTION = YES;
				GCC_WARN_UNUSED_VARIABLE = YES;
				IPHONEOS_DEPLOYMENT_TARGET = 8.1;
				MTL_ENABLE_DEBUG_INFO = YES;
				ONLY_ACTIVE_ARCH = YES;
				SDKROOT = iphoneos;
				SWIFT_OPTIMIZATION_LEVEL = "-Onone";
			};
			name = Debug;
		};
		EABE3C7B19FBEBDB0087BBF0 /* Release */ = {
			isa = XCBuildConfiguration;
			buildSettings = {
				ALWAYS_SEARCH_USER_PATHS = NO;
				CLANG_CXX_LANGUAGE_STANDARD = "gnu++0x";
				CLANG_CXX_LIBRARY = "libc++";
				CLANG_ENABLE_MODULES = YES;
				CLANG_ENABLE_OBJC_ARC = YES;
				CLANG_WARN_BOOL_CONVERSION = YES;
				CLANG_WARN_CONSTANT_CONVERSION = YES;
				CLANG_WARN_DIRECT_OBJC_ISA_USAGE = YES_ERROR;
				CLANG_WARN_EMPTY_BODY = YES;
				CLANG_WARN_ENUM_CONVERSION = YES;
				CLANG_WARN_INT_CONVERSION = YES;
				CLANG_WARN_OBJC_ROOT_CLASS = YES_ERROR;
				CLANG_WARN_UNREACHABLE_CODE = YES;
				CLANG_WARN__DUPLICATE_METHOD_MATCH = YES;
				"CODE_SIGN_IDENTITY[sdk=iphoneos*]" = "iPhone Developer";
				COPY_PHASE_STRIP = YES;
				ENABLE_NS_ASSERTIONS = NO;
				ENABLE_STRICT_OBJC_MSGSEND = YES;
				GCC_C_LANGUAGE_STANDARD = gnu99;
				GCC_WARN_64_TO_32_BIT_CONVERSION = YES;
				GCC_WARN_ABOUT_RETURN_TYPE = YES_ERROR;
				GCC_WARN_UNDECLARED_SELECTOR = YES;
				GCC_WARN_UNINITIALIZED_AUTOS = YES_AGGRESSIVE;
				GCC_WARN_UNUSED_FUNCTION = YES;
				GCC_WARN_UNUSED_VARIABLE = YES;
				IPHONEOS_DEPLOYMENT_TARGET = 8.1;
				MTL_ENABLE_DEBUG_INFO = NO;
				SDKROOT = iphoneos;
				VALIDATE_PRODUCT = YES;
			};
			name = Release;
		};
		EABE3C7D19FBEBDB0087BBF0 /* Debug */ = {
			isa = XCBuildConfiguration;
			buildSettings = {
				ASSETCATALOG_COMPILER_APPICON_NAME = AppIcon;
				INFOPLIST_FILE = GeocodeQuery/Info.plist;
				LD_RUNPATH_SEARCH_PATHS = "$(inherited) @executable_path/Frameworks";
				PRODUCT_NAME = "$(TARGET_NAME)";
			};
			name = Debug;
		};
		EABE3C7E19FBEBDB0087BBF0 /* Release */ = {
			isa = XCBuildConfiguration;
			buildSettings = {
				ASSETCATALOG_COMPILER_APPICON_NAME = AppIcon;
				INFOPLIST_FILE = GeocodeQuery/Info.plist;
				LD_RUNPATH_SEARCH_PATHS = "$(inherited) @executable_path/Frameworks";
				PRODUCT_NAME = "$(TARGET_NAME)";
			};
			name = Release;
		};
		EABE3C8019FBEBDB0087BBF0 /* Debug */ = {
			isa = XCBuildConfiguration;
			buildSettings = {
				BUNDLE_LOADER = "$(TEST_HOST)";
				FRAMEWORK_SEARCH_PATHS = (
					"$(SDKROOT)/Developer/Library/Frameworks",
					"$(inherited)",
				);
				GCC_PREPROCESSOR_DEFINITIONS = (
					"DEBUG=1",
					"$(inherited)",
				);
				INFOPLIST_FILE = GeocodeQueryTests/Info.plist;
				LD_RUNPATH_SEARCH_PATHS = "$(inherited) @executable_path/Frameworks @loader_path/Frameworks";
				PRODUCT_NAME = "$(TARGET_NAME)";
				TEST_HOST = "$(BUILT_PRODUCTS_DIR)/GeocodeQuery.app/GeocodeQuery";
			};
			name = Debug;
		};
		EABE3C8119FBEBDB0087BBF0 /* Release */ = {
			isa = XCBuildConfiguration;
			buildSettings = {
				BUNDLE_LOADER = "$(TEST_HOST)";
				FRAMEWORK_SEARCH_PATHS = (
					"$(SDKROOT)/Developer/Library/Frameworks",
					"$(inherited)",
				);
				INFOPLIST_FILE = GeocodeQueryTests/Info.plist;
				LD_RUNPATH_SEARCH_PATHS = "$(inherited) @executable_path/Frameworks @loader_path/Frameworks";
				PRODUCT_NAME = "$(TARGET_NAME)";
				TEST_HOST = "$(BUILT_PRODUCTS_DIR)/GeocodeQuery.app/GeocodeQuery";
			};
			name = Release;
		};
/* End XCBuildConfiguration section */

/* Begin XCConfigurationList section */
		EABE3C5819FBEBDB0087BBF0 /* Build configuration list for PBXProject "GeocodeQuery" */ = {
			isa = XCConfigurationList;
			buildConfigurations = (
				EABE3C7A19FBEBDB0087BBF0 /* Debug */,
				EABE3C7B19FBEBDB0087BBF0 /* Release */,
			);
			defaultConfigurationIsVisible = 0;
			defaultConfigurationName = Release;
		};
		EABE3C7C19FBEBDB0087BBF0 /* Build configuration list for PBXNativeTarget "GeocodeQuery" */ = {
			isa = XCConfigurationList;
			buildConfigurations = (
				EABE3C7D19FBEBDB0087BBF0 /* Debug */,
				EABE3C7E19FBEBDB0087BBF0 /* Release */,
			);
			defaultConfigurationIsVisible = 0;
			defaultConfigurationName = Release;
		};
		EABE3C7F19FBEBDB0087BBF0 /* Build configuration list for PBXNativeTarget "GeocodeQueryTests" */ = {
			isa = XCConfigurationList;
			buildConfigurations = (
				EABE3C8019FBEBDB0087BBF0 /* Debug */,
				EABE3C8119FBEBDB0087BBF0 /* Release */,
			);
			defaultConfigurationIsVisible = 0;
			defaultConfigurationName = Release;
		};
/* End XCConfigurationList section */
	};
	rootObject = EABE3C5519FBEBDB0087BBF0 /* Project object */;
}
