// !$*UTF8*$!
{
	archiveVersion = 1;
	classes = {
	};
	objectVersion = 46;
	objects = {

/* Begin PBXBuildFile section */
		437A3D761B257B0D00E3ADB5 /* AppDelegate.swift in Sources */ = {isa = PBXBuildFile; fileRef = 437A3D751B257B0D00E3ADB5 /* AppDelegate.swift */; };
		437A3D781B257B0D00E3ADB5 /* ViewController.swift in Sources */ = {isa = PBXBuildFile; fileRef = 437A3D771B257B0D00E3ADB5 /* ViewController.swift */; };
		437A3D7B1B257B0D00E3ADB5 /* Main.storyboard in Resources */ = {isa = PBXBuildFile; fileRef = 437A3D791B257B0D00E3ADB5 /* Main.storyboard */; };
		437A3D7D1B257B0D00E3ADB5 /* Images.xcassets in Resources */ = {isa = PBXBuildFile; fileRef = 437A3D7C1B257B0D00E3ADB5 /* Images.xcassets */; };
		437A3D801B257B0D00E3ADB5 /* LaunchScreen.xib in Resources */ = {isa = PBXBuildFile; fileRef = 437A3D7E1B257B0D00E3ADB5 /* LaunchScreen.xib */; };
		437A3D8C1B257B0E00E3ADB5 /* P2PGameTests.swift in Sources */ = {isa = PBXBuildFile; fileRef = 437A3D8B1B257B0E00E3ADB5 /* P2PGameTests.swift */; };
/* End PBXBuildFile section */

/* Begin PBXContainerItemProxy section */
		437A3D861B257B0E00E3ADB5 /* PBXContainerItemProxy */ = {
			isa = PBXContainerItemProxy;
			containerPortal = 437A3D681B257B0D00E3ADB5 /* Project object */;
			proxyType = 1;
			remoteGlobalIDString = 437A3D6F1B257B0D00E3ADB5;
			remoteInfo = P2PGame;
		};
/* End PBXContainerItemProxy section */

/* Begin PBXFileReference section */
		437A3D701B257B0D00E3ADB5 /* P2PGame.app */ = {isa = PBXFileReference; explicitFileType = wrapper.application; includeInIndex = 0; path = P2PGame.app; sourceTree = BUILT_PRODUCTS_DIR; };
		437A3D741B257B0D00E3ADB5 /* Info.plist */ = {isa = PBXFileReference; lastKnownFileType = text.plist.xml; path = Info.plist; sourceTree = "<group>"; };
		437A3D751B257B0D00E3ADB5 /* AppDelegate.swift */ = {isa = PBXFileReference; lastKnownFileType = sourcecode.swift; path = AppDelegate.swift; sourceTree = "<group>"; };
		437A3D771B257B0D00E3ADB5 /* ViewController.swift */ = {isa = PBXFileReference; lastKnownFileType = sourcecode.swift; path = ViewController.swift; sourceTree = "<group>"; };
		437A3D7A1B257B0D00E3ADB5 /* Base */ = {isa = PBXFileReference; lastKnownFileType = file.storyboard; name = Base; path = Base.lproj/Main.storyboard; sourceTree = "<group>"; };
		437A3D7C1B257B0D00E3ADB5 /* Images.xcassets */ = {isa = PBXFileReference; lastKnownFileType = folder.assetcatalog; path = Images.xcassets; sourceTree = "<group>"; };
		437A3D7F1B257B0D00E3ADB5 /* Base */ = {isa = PBXFileReference; lastKnownFileType = file.xib; name = Base; path = Base.lproj/LaunchScreen.xib; sourceTree = "<group>"; };
		437A3D851B257B0E00E3ADB5 /* P2PGameTests.xctest */ = {isa = PBXFileReference; explicitFileType = wrapper.cfbundle; includeInIndex = 0; path = P2PGameTests.xctest; sourceTree = BUILT_PRODUCTS_DIR; };
		437A3D8A1B257B0E00E3ADB5 /* Info.plist */ = {isa = PBXFileReference; lastKnownFileType = text.plist.xml; path = Info.plist; sourceTree = "<group>"; };
		437A3D8B1B257B0E00E3ADB5 /* P2PGameTests.swift */ = {isa = PBXFileReference; lastKnownFileType = sourcecode.swift; path = P2PGameTests.swift; sourceTree = "<group>"; };
/* End PBXFileReference section */

/* Begin PBXFrameworksBuildPhase section */
		437A3D6D1B257B0D00E3ADB5 /* Frameworks */ = {
			isa = PBXFrameworksBuildPhase;
			buildActionMask = 2147483647;
			files = (
			);
			runOnlyForDeploymentPostprocessing = 0;
		};
		437A3D821B257B0E00E3ADB5 /* Frameworks */ = {
			isa = PBXFrameworksBuildPhase;
			buildActionMask = 2147483647;
			files = (
			);
			runOnlyForDeploymentPostprocessing = 0;
		};
/* End PBXFrameworksBuildPhase section */

/* Begin PBXGroup section */
		437A3D671B257B0D00E3ADB5 = {
			isa = PBXGroup;
			children = (
				437A3D721B257B0D00E3ADB5 /* P2PGame */,
				437A3D881B257B0E00E3ADB5 /* P2PGameTests */,
				437A3D711B257B0D00E3ADB5 /* Products */,
			);
			sourceTree = "<group>";
		};
		437A3D711B257B0D00E3ADB5 /* Products */ = {
			isa = PBXGroup;
			children = (
				437A3D701B257B0D00E3ADB5 /* P2PGame.app */,
				437A3D851B257B0E00E3ADB5 /* P2PGameTests.xctest */,
			);
			name = Products;
			sourceTree = "<group>";
		};
		437A3D721B257B0D00E3ADB5 /* P2PGame */ = {
			isa = PBXGroup;
			children = (
				437A3D751B257B0D00E3ADB5 /* AppDelegate.swift */,
				437A3D771B257B0D00E3ADB5 /* ViewController.swift */,
				437A3D791B257B0D00E3ADB5 /* Main.storyboard */,
				437A3D7C1B257B0D00E3ADB5 /* Images.xcassets */,
				437A3D7E1B257B0D00E3ADB5 /* LaunchScreen.xib */,
				437A3D731B257B0D00E3ADB5 /* Supporting Files */,
			);
			path = P2PGame;
			sourceTree = "<group>";
		};
		437A3D731B257B0D00E3ADB5 /* Supporting Files */ = {
			isa = PBXGroup;
			children = (
				437A3D741B257B0D00E3ADB5 /* Info.plist */,
			);
			name = "Supporting Files";
			sourceTree = "<group>";
		};
		437A3D881B257B0E00E3ADB5 /* P2PGameTests */ = {
			isa = PBXGroup;
			children = (
				437A3D8B1B257B0E00E3ADB5 /* P2PGameTests.swift */,
				437A3D891B257B0E00E3ADB5 /* Supporting Files */,
			);
			path = P2PGameTests;
			sourceTree = "<group>";
		};
		437A3D891B257B0E00E3ADB5 /* Supporting Files */ = {
			isa = PBXGroup;
			children = (
				437A3D8A1B257B0E00E3ADB5 /* Info.plist */,
			);
			name = "Supporting Files";
			sourceTree = "<group>";
		};
/* End PBXGroup section */

/* Begin PBXNativeTarget section */
		437A3D6F1B257B0D00E3ADB5 /* P2PGame */ = {
			isa = PBXNativeTarget;
			buildConfigurationList = 437A3D8F1B257B0E00E3ADB5 /* Build configuration list for PBXNativeTarget "P2PGame" */;
			buildPhases = (
				437A3D6C1B257B0D00E3ADB5 /* Sources */,
				437A3D6D1B257B0D00E3ADB5 /* Frameworks */,
				437A3D6E1B257B0D00E3ADB5 /* Resources */,
			);
			buildRules = (
			);
			dependencies = (
			);
			name = P2PGame;
			productName = P2PGame;
			productReference = 437A3D701B257B0D00E3ADB5 /* P2PGame.app */;
			productType = "com.apple.product-type.application";
		};
		437A3D841B257B0E00E3ADB5 /* P2PGameTests */ = {
			isa = PBXNativeTarget;
			buildConfigurationList = 437A3D921B257B0E00E3ADB5 /* Build configuration list for PBXNativeTarget "P2PGameTests" */;
			buildPhases = (
				437A3D811B257B0E00E3ADB5 /* Sources */,
				437A3D821B257B0E00E3ADB5 /* Frameworks */,
				437A3D831B257B0E00E3ADB5 /* Resources */,
			);
			buildRules = (
			);
			dependencies = (
				437A3D871B257B0E00E3ADB5 /* PBXTargetDependency */,
			);
			name = P2PGameTests;
			productName = P2PGameTests;
			productReference = 437A3D851B257B0E00E3ADB5 /* P2PGameTests.xctest */;
			productType = "com.apple.product-type.bundle.unit-test";
		};
/* End PBXNativeTarget section */

/* Begin PBXProject section */
		437A3D681B257B0D00E3ADB5 /* Project object */ = {
			isa = PBXProject;
			attributes = {
				LastUpgradeCheck = 0630;
				ORGANIZATIONNAME = tony.guan;
				TargetAttributes = {
					437A3D6F1B257B0D00E3ADB5 = {
						CreatedOnToolsVersion = 6.3.1;
					};
					437A3D841B257B0E00E3ADB5 = {
						CreatedOnToolsVersion = 6.3.1;
						TestTargetID = 437A3D6F1B257B0D00E3ADB5;
					};
				};
			};
			buildConfigurationList = 437A3D6B1B257B0D00E3ADB5 /* Build configuration list for PBXProject "P2PGame" */;
			compatibilityVersion = "Xcode 3.2";
			developmentRegion = English;
			hasScannedForEncodings = 0;
			knownRegions = (
				en,
				Base,
			);
			mainGroup = 437A3D671B257B0D00E3ADB5;
			productRefGroup = 437A3D711B257B0D00E3ADB5 /* Products */;
			projectDirPath = "";
			projectRoot = "";
			targets = (
				437A3D6F1B257B0D00E3ADB5 /* P2PGame */,
				437A3D841B257B0E00E3ADB5 /* P2PGameTests */,
			);
		};
/* End PBXProject section */

/* Begin PBXResourcesBuildPhase section */
		437A3D6E1B257B0D00E3ADB5 /* Resources */ = {
			isa = PBXResourcesBuildPhase;
			buildActionMask = 2147483647;
			files = (
				437A3D7B1B257B0D00E3ADB5 /* Main.storyboard in Resources */,
				437A3D801B257B0D00E3ADB5 /* LaunchScreen.xib in Resources */,
				437A3D7D1B257B0D00E3ADB5 /* Images.xcassets in Resources */,
			);
			runOnlyForDeploymentPostprocessing = 0;
		};
		437A3D831B257B0E00E3ADB5 /* Resources */ = {
			isa = PBXResourcesBuildPhase;
			buildActionMask = 2147483647;
			files = (
			);
			runOnlyForDeploymentPostprocessing = 0;
		};
/* End PBXResourcesBuildPhase section */

/* Begin PBXSourcesBuildPhase section */
		437A3D6C1B257B0D00E3ADB5 /* Sources */ = {
			isa = PBXSourcesBuildPhase;
			buildActionMask = 2147483647;
			files = (
				437A3D781B257B0D00E3ADB5 /* ViewController.swift in Sources */,
				437A3D761B257B0D00E3ADB5 /* AppDelegate.swift in Sources */,
			);
			runOnlyForDeploymentPostprocessing = 0;
		};
		437A3D811B257B0E00E3ADB5 /* Sources */ = {
			isa = PBXSourcesBuildPhase;
			buildActionMask = 2147483647;
			files = (
				437A3D8C1B257B0E00E3ADB5 /* P2PGameTests.swift in Sources */,
			);
			runOnlyForDeploymentPostprocessing = 0;
		};
/* End PBXSourcesBuildPhase section */

/* Begin PBXTargetDependency section */
		437A3D871B257B0E00E3ADB5 /* PBXTargetDependency */ = {
			isa = PBXTargetDependency;
			target = 437A3D6F1B257B0D00E3ADB5 /* P2PGame */;
			targetProxy = 437A3D861B257B0E00E3ADB5 /* PBXContainerItemProxy */;
		};
/* End PBXTargetDependency section */

/* Begin PBXVariantGroup section */
		437A3D791B257B0D00E3ADB5 /* Main.storyboard */ = {
			isa = PBXVariantGroup;
			children = (
				437A3D7A1B257B0D00E3ADB5 /* Base */,
			);
			name = Main.storyboard;
			sourceTree = "<group>";
		};
		437A3D7E1B257B0D00E3ADB5 /* LaunchScreen.xib */ = {
			isa = PBXVariantGroup;
			children = (
				437A3D7F1B257B0D00E3ADB5 /* Base */,
			);
			name = LaunchScreen.xib;
			sourceTree = "<group>";
		};
/* End PBXVariantGroup section */

/* Begin XCBuildConfiguration section */
		437A3D8D1B257B0E00E3ADB5 /* Debug */ = {
			isa = XCBuildConfiguration;
			buildSettings = {
				ALWAYS_SEARCH_USER_PATHS = NO;
				CLANG_CXX_LANGUAGE_STANDARD = "gnu++0x";
				CLANG_CXX_LIBRARY = "libc++";
				CLANG_ENABLE_MODULES = YES;
				CLANG_ENABLE_OBJC_ARC = YES;
				CLANG_WARN_BOOL_CONVERSION = YES;
				CLANG_WARN_CONSTANT_CONVERSION = YES;
				CLANG_WARN_DIRECT_OBJC_ISA_USAGE = YES_ERROR;
				CLANG_WARN_EMPTY_BODY = YES;
				CLANG_WARN_ENUM_CONVERSION = YES;
				CLANG_WARN_INT_CONVERSION = YES;
				CLANG_WARN_OBJC_ROOT_CLASS = YES_ERROR;
				CLANG_WARN_UNREACHABLE_CODE = YES;
				CLANG_WARN__DUPLICATE_METHOD_MATCH = YES;
				"CODE_SIGN_IDENTITY[sdk=iphoneos*]" = "iPhone Developer";
				COPY_PHASE_STRIP = NO;
				DEBUG_INFORMATION_FORMAT = "dwarf-with-dsym";
				ENABLE_STRICT_OBJC_MSGSEND = YES;
				GCC_C_LANGUAGE_STANDARD = gnu99;
				GCC_DYNAMIC_NO_PIC = NO;
				GCC_NO_COMMON_BLOCKS = YES;
				GCC_OPTIMIZATION_LEVEL = 0;
				GCC_PREPROCESSOR_DEFINITIONS = (
					"DEBUG=1",
					"$(inherited)",
				);
				GCC_SYMBOLS_PRIVATE_EXTERN = NO;
				GCC_WARN_64_TO_32_BIT_CONVERSION = YES;
				GCC_WARN_ABOUT_RETURN_TYPE = YES_ERROR;
				GCC_WARN_UNDECLARED_SELECTOR = YES;
				GCC_WARN_UNINITIALIZED_AUTOS = YES_AGGRESSIVE;
				GCC_WARN_UNUSED_FUNCTION = YES;
				GCC_WARN_UNUSED_VARIABLE = YES;
				IPHONEOS_DEPLOYMENT_TARGET = 8.3;
				MTL_ENABLE_DEBUG_INFO = YES;
				ONLY_ACTIVE_ARCH = YES;
				SDKROOT = iphoneos;
				SWIFT_OPTIMIZATION_LEVEL = "-Onone";
			};
			name = Debug;
		};
		437A3D8E1B257B0E00E3ADB5 /* Release */ = {
			isa = XCBuildConfiguration;
			buildSettings = {
				ALWAYS_SEARCH_USER_PATHS = NO;
				CLANG_CXX_LANGUAGE_STANDARD = "gnu++0x";
				CLANG_CXX_LIBRARY = "libc++";
				CLANG_ENABLE_MODULES = YES;
				CLANG_ENABLE_OBJC_ARC = YES;
				CLANG_WARN_BOOL_CONVERSION = YES;
				CLANG_WARN_CONSTANT_CONVERSION = YES;
				CLANG_WARN_DIRECT_OBJC_ISA_USAGE = YES_ERROR;
				CLANG_WARN_EMPTY_BODY = YES;
				CLANG_WARN_ENUM_CONVERSION = YES;
				CLANG_WARN_INT_CONVERSION = YES;
				CLANG_WARN_OBJC_ROOT_CLASS = YES_ERROR;
				CLANG_WARN_UNREACHABLE_CODE = YES;
				CLANG_WARN__DUPLICATE_METHOD_MATCH = YES;
				"CODE_SIGN_IDENTITY[sdk=iphoneos*]" = "iPhone Developer";
				COPY_PHASE_STRIP = NO;
				DEBUG_INFORMATION_FORMAT = "dwarf-with-dsym";
				ENABLE_NS_ASSERTIONS = NO;
				ENABLE_STRICT_OBJC_MSGSEND = YES;
				GCC_C_LANGUAGE_STANDARD = gnu99;
				GCC_NO_COMMON_BLOCKS = YES;
				GCC_WARN_64_TO_32_BIT_CONVERSION = YES;
				GCC_WARN_ABOUT_RETURN_TYPE = YES_ERROR;
				GCC_WARN_UNDECLARED_SELECTOR = YES;
				GCC_WARN_UNINITIALIZED_AUTOS = YES_AGGRESSIVE;
				GCC_WARN_UNUSED_FUNCTION = YES;
				GCC_WARN_UNUSED_VARIABLE = YES;
				IPHONEOS_DEPLOYMENT_TARGET = 8.3;
				MTL_ENABLE_DEBUG_INFO = NO;
				SDKROOT = iphoneos;
				VALIDATE_PRODUCT = YES;
			};
			name = Release;
		};
		437A3D901B257B0E00E3ADB5 /* Debug */ = {
			isa = XCBuildConfiguration;
			buildSettings = {
				ASSETCATALOG_COMPILER_APPICON_NAME = AppIcon;
				INFOPLIST_FILE = P2PGame/Info.plist;
				LD_RUNPATH_SEARCH_PATHS = "$(inherited) @executable_path/Frameworks";
				PRODUCT_NAME = "$(TARGET_NAME)";
			};
			name = Debug;
		};
		437A3D911B257B0E00E3ADB5 /* Release */ = {
			isa = XCBuildConfiguration;
			buildSettings = {
				ASSETCATALOG_COMPILER_APPICON_NAME = AppIcon;
				INFOPLIST_FILE = P2PGame/Info.plist;
				LD_RUNPATH_SEARCH_PATHS = "$(inherited) @executable_path/Frameworks";
				PRODUCT_NAME = "$(TARGET_NAME)";
			};
			name = Release;
		};
		437A3D931B257B0E00E3ADB5 /* Debug */ = {
			isa = XCBuildConfiguration;
			buildSettings = {
				BUNDLE_LOADER = "$(TEST_HOST)";
				FRAMEWORK_SEARCH_PATHS = (
					"$(SDKROOT)/Developer/Library/Frameworks",
					"$(inherited)",
				);
				GCC_PREPROCESSOR_DEFINITIONS = (
					"DEBUG=1",
					"$(inherited)",
				);
				INFOPLIST_FILE = P2PGameTests/Info.plist;
				LD_RUNPATH_SEARCH_PATHS = "$(inherited) @executable_path/Frameworks @loader_path/Frameworks";
				PRODUCT_NAME = "$(TARGET_NAME)";
				TEST_HOST = "$(BUILT_PRODUCTS_DIR)/P2PGame.app/P2PGame";
			};
			name = Debug;
		};
		437A3D941B257B0E00E3ADB5 /* Release */ = {
			isa = XCBuildConfiguration;
			buildSettings = {
				BUNDLE_LOADER = "$(TEST_HOST)";
				FRAMEWORK_SEARCH_PATHS = (
					"$(SDKROOT)/Developer/Library/Frameworks",
					"$(inherited)",
				);
				INFOPLIST_FILE = P2PGameTests/Info.plist;
				LD_RUNPATH_SEARCH_PATHS = "$(inherited) @executable_path/Frameworks @loader_path/Frameworks";
				PRODUCT_NAME = "$(TARGET_NAME)";
				TEST_HOST = "$(BUILT_PRODUCTS_DIR)/P2PGame.app/P2PGame";
			};
			name = Release;
		};
/* End XCBuildConfiguration section */

/* Begin XCConfigurationList section */
		437A3D6B1B257B0D00E3ADB5 /* Build configuration list for PBXProject "P2PGame" */ = {
			isa = XCConfigurationList;
			buildConfigurations = (
				437A3D8D1B257B0E00E3ADB5 /* Debug */,
				437A3D8E1B257B0E00E3ADB5 /* Release */,
			);
			defaultConfigurationIsVisible = 0;
			defaultConfigurationName = Release;
		};
		437A3D8F1B257B0E00E3ADB5 /* Build configuration list for PBXNativeTarget "P2PGame" */ = {
			isa = XCConfigurationList;
			buildConfigurations = (
				437A3D901B257B0E00E3ADB5 /* Debug */,
				437A3D911B257B0E00E3ADB5 /* Release */,
			);
			defaultConfigurationIsVisible = 0;
		};
		437A3D921B257B0E00E3ADB5 /* Build configuration list for PBXNativeTarget "P2PGameTests" */ = {
			isa = XCConfigurationList;
			buildConfigurations = (
				437A3D931B257B0E00E3ADB5 /* Debug */,
				437A3D941B257B0E00E3ADB5 /* Release */,
			);
			defaultConfigurationIsVisible = 0;
		};
/* End XCConfigurationList section */
	};
	rootObject = 437A3D681B257B0D00E3ADB5 /* Project object */;
}
