// !$*UTF8*$!
{
	archiveVersion = 1;
	classes = {
	};
	objectVersion = 46;
	objects = {

/* Begin PBXBuildFile section */
		CA1134DE1B638A2A00F15BAC /* NSData+MKBase64.m in Sources */ = {isa = PBXBuildFile; fileRef = CA1134CA1B638A2A00F15BAC /* NSData+MKBase64.m */; };
		CA1134DF1B638A2A00F15BAC /* NSDate+RFC1123.m in Sources */ = {isa = PBXBuildFile; fileRef = CA1134CC1B638A2A00F15BAC /* NSDate+RFC1123.m */; };
		CA1134E01B638A2A00F15BAC /* NSDictionary+RequestEncoding.m in Sources */ = {isa = PBXBuildFile; fileRef = CA1134CE1B638A2A00F15BAC /* NSDictionary+RequestEncoding.m */; };
		CA1134E11B638A2A00F15BAC /* NSString+MKNetworkKitAdditions.m in Sources */ = {isa = PBXBuildFile; fileRef = CA1134D01B638A2A00F15BAC /* NSString+MKNetworkKitAdditions.m */; };
		CA1134E21B638A2A00F15BAC /* UIAlertView+MKNetworkKitAdditions.m in Sources */ = {isa = PBXBuildFile; fileRef = CA1134D21B638A2A00F15BAC /* UIAlertView+MKNetworkKitAdditions.m */; };
		CA1134E31B638A2A00F15BAC /* UIImageView+MKNetworkKitAdditions.m in Sources */ = {isa = PBXBuildFile; fileRef = CA1134D41B638A2A00F15BAC /* UIImageView+MKNetworkKitAdditions.m */; };
		CA1134E41B638A2A00F15BAC /* MKNetworkEngine.m in Sources */ = {isa = PBXBuildFile; fileRef = CA1134D61B638A2A00F15BAC /* MKNetworkEngine.m */; };
		CA1134E51B638A2A00F15BAC /* MKNetworkOperation.m in Sources */ = {isa = PBXBuildFile; fileRef = CA1134D91B638A2A00F15BAC /* MKNetworkOperation.m */; };
		CA1134E61B638A2A00F15BAC /* Reachability.m in Sources */ = {isa = PBXBuildFile; fileRef = CA1134DC1B638A2A00F15BAC /* Reachability.m */; };
		CA1134E81B638A5B00F15BAC /* Security.framework in Frameworks */ = {isa = PBXBuildFile; fileRef = CA1134E71B638A5B00F15BAC /* Security.framework */; };
		CA1134EA1B638A6A00F15BAC /* SystemConfiguration.framework in Frameworks */ = {isa = PBXBuildFile; fileRef = CA1134E91B638A6A00F15BAC /* SystemConfiguration.framework */; };
		CA1134EC1B638A7100F15BAC /* CFNetwork.framework in Frameworks */ = {isa = PBXBuildFile; fileRef = CA1134EB1B638A7100F15BAC /* CFNetwork.framework */; };
		CAFEA5BF1B6205CA00076ACD /* AppDelegate.swift in Sources */ = {isa = PBXBuildFile; fileRef = CAFEA5BE1B6205CA00076ACD /* AppDelegate.swift */; };
		CAFEA5C11B6205CA00076ACD /* ViewController.swift in Sources */ = {isa = PBXBuildFile; fileRef = CAFEA5C01B6205CA00076ACD /* ViewController.swift */; };
		CAFEA5C41B6205CA00076ACD /* Main.storyboard in Resources */ = {isa = PBXBuildFile; fileRef = CAFEA5C21B6205CA00076ACD /* Main.storyboard */; };
		CAFEA5C61B6205CA00076ACD /* Images.xcassets in Resources */ = {isa = PBXBuildFile; fileRef = CAFEA5C51B6205CA00076ACD /* Images.xcassets */; };
		CAFEA5C91B6205CA00076ACD /* LaunchScreen.xib in Resources */ = {isa = PBXBuildFile; fileRef = CAFEA5C71B6205CA00076ACD /* LaunchScreen.xib */; };
		CAFEA5D51B6205CA00076ACD /* IAPDemoTests.swift in Sources */ = {isa = PBXBuildFile; fileRef = CAFEA5D41B6205CA00076ACD /* IAPDemoTests.swift */; };
		CAFEA5DF1B620C9300076ACD /* StoreKit.framework in Frameworks */ = {isa = PBXBuildFile; fileRef = CAFEA5DE1B620C9300076ACD /* StoreKit.framework */; };
		CAFEA5E41B621F3500076ACD /* button_down.png in Resources */ = {isa = PBXBuildFile; fileRef = CAFEA5E21B621F3500076ACD /* button_down.png */; };
		CAFEA5E51B621F3500076ACD /* button_up.png in Resources */ = {isa = PBXBuildFile; fileRef = CAFEA5E31B621F3500076ACD /* button_up.png */; };
/* End PBXBuildFile section */

/* Begin PBXContainerItemProxy section */
		CAFEA5CF1B6205CA00076ACD /* PBXContainerItemProxy */ = {
			isa = PBXContainerItemProxy;
			containerPortal = CAFEA5B11B6205CA00076ACD /* Project object */;
			proxyType = 1;
			remoteGlobalIDString = CAFEA5B81B6205CA00076ACD;
			remoteInfo = IAPDemo;
		};
/* End PBXContainerItemProxy section */

/* Begin PBXFileReference section */
		CA1134C91B638A2A00F15BAC /* NSData+MKBase64.h */ = {isa = PBXFileReference; fileEncoding = 4; lastKnownFileType = sourcecode.c.h; path = "NSData+MKBase64.h"; sourceTree = "<group>"; };
		CA1134CA1B638A2A00F15BAC /* NSData+MKBase64.m */ = {isa = PBXFileReference; fileEncoding = 4; lastKnownFileType = sourcecode.c.objc; path = "NSData+MKBase64.m"; sourceTree = "<group>"; };
		CA1134CB1B638A2A00F15BAC /* NSDate+RFC1123.h */ = {isa = PBXFileReference; fileEncoding = 4; lastKnownFileType = sourcecode.c.h; path = "NSDate+RFC1123.h"; sourceTree = "<group>"; };
		CA1134CC1B638A2A00F15BAC /* NSDate+RFC1123.m */ = {isa = PBXFileReference; fileEncoding = 4; lastKnownFileType = sourcecode.c.objc; path = "NSDate+RFC1123.m"; sourceTree = "<group>"; };
		CA1134CD1B638A2A00F15BAC /* NSDictionary+RequestEncoding.h */ = {isa = PBXFileReference; fileEncoding = 4; lastKnownFileType = sourcecode.c.h; path = "NSDictionary+RequestEncoding.h"; sourceTree = "<group>"; };
		CA1134CE1B638A2A00F15BAC /* NSDictionary+RequestEncoding.m */ = {isa = PBXFileReference; fileEncoding = 4; lastKnownFileType = sourcecode.c.objc; path = "NSDictionary+RequestEncoding.m"; sourceTree = "<group>"; };
		CA1134CF1B638A2A00F15BAC /* NSString+MKNetworkKitAdditions.h */ = {isa = PBXFileReference; fileEncoding = 4; lastKnownFileType = sourcecode.c.h; path = "NSString+MKNetworkKitAdditions.h"; sourceTree = "<group>"; };
		CA1134D01B638A2A00F15BAC /* NSString+MKNetworkKitAdditions.m */ = {isa = PBXFileReference; fileEncoding = 4; lastKnownFileType = sourcecode.c.objc; path = "NSString+MKNetworkKitAdditions.m"; sourceTree = "<group>"; };
		CA1134D11B638A2A00F15BAC /* UIAlertView+MKNetworkKitAdditions.h */ = {isa = PBXFileReference; fileEncoding = 4; lastKnownFileType = sourcecode.c.h; path = "UIAlertView+MKNetworkKitAdditions.h"; sourceTree = "<group>"; };
		CA1134D21B638A2A00F15BAC /* UIAlertView+MKNetworkKitAdditions.m */ = {isa = PBXFileReference; fileEncoding = 4; lastKnownFileType = sourcecode.c.objc; path = "UIAlertView+MKNetworkKitAdditions.m"; sourceTree = "<group>"; };
		CA1134D31B638A2A00F15BAC /* UIImageView+MKNetworkKitAdditions.h */ = {isa = PBXFileReference; fileEncoding = 4; lastKnownFileType = sourcecode.c.h; path = "UIImageView+MKNetworkKitAdditions.h"; sourceTree = "<group>"; };
		CA1134D41B638A2A00F15BAC /* UIImageView+MKNetworkKitAdditions.m */ = {isa = PBXFileReference; fileEncoding = 4; lastKnownFileType = sourcecode.c.objc; path = "UIImageView+MKNetworkKitAdditions.m"; sourceTree = "<group>"; };
		CA1134D51B638A2A00F15BAC /* MKNetworkEngine.h */ = {isa = PBXFileReference; fileEncoding = 4; lastKnownFileType = sourcecode.c.h; path = MKNetworkEngine.h; sourceTree = "<group>"; };
		CA1134D61B638A2A00F15BAC /* MKNetworkEngine.m */ = {isa = PBXFileReference; fileEncoding = 4; lastKnownFileType = sourcecode.c.objc; path = MKNetworkEngine.m; sourceTree = "<group>"; };
		CA1134D71B638A2A00F15BAC /* MKNetworkKit.h */ = {isa = PBXFileReference; fileEncoding = 4; lastKnownFileType = sourcecode.c.h; path = MKNetworkKit.h; sourceTree = "<group>"; };
		CA1134D81B638A2A00F15BAC /* MKNetworkOperation.h */ = {isa = PBXFileReference; fileEncoding = 4; lastKnownFileType = sourcecode.c.h; path = MKNetworkOperation.h; sourceTree = "<group>"; };
		CA1134D91B638A2A00F15BAC /* MKNetworkOperation.m */ = {isa = PBXFileReference; fileEncoding = 4; lastKnownFileType = sourcecode.c.objc; path = MKNetworkOperation.m; sourceTree = "<group>"; };
		CA1134DB1B638A2A00F15BAC /* Reachability.h */ = {isa = PBXFileReference; fileEncoding = 4; lastKnownFileType = sourcecode.c.h; path = Reachability.h; sourceTree = "<group>"; };
		CA1134DC1B638A2A00F15BAC /* Reachability.m */ = {isa = PBXFileReference; fileEncoding = 4; lastKnownFileType = sourcecode.c.objc; path = Reachability.m; sourceTree = "<group>"; };
		CA1134E71B638A5B00F15BAC /* Security.framework */ = {isa = PBXFileReference; lastKnownFileType = wrapper.framework; name = Security.framework; path = System/Library/Frameworks/Security.framework; sourceTree = SDKROOT; };
		CA1134E91B638A6A00F15BAC /* SystemConfiguration.framework */ = {isa = PBXFileReference; lastKnownFileType = wrapper.framework; name = SystemConfiguration.framework; path = System/Library/Frameworks/SystemConfiguration.framework; sourceTree = SDKROOT; };
		CA1134EB1B638A7100F15BAC /* CFNetwork.framework */ = {isa = PBXFileReference; lastKnownFileType = wrapper.framework; name = CFNetwork.framework; path = System/Library/Frameworks/CFNetwork.framework; sourceTree = SDKROOT; };
		CA1134ED1B638AA500F15BAC /* PrefixHeader.pch */ = {isa = PBXFileReference; lastKnownFileType = sourcecode.c.h; path = PrefixHeader.pch; sourceTree = "<group>"; };
		CA1134EE1B638AA500F15BAC /* Bridging-Header.h */ = {isa = PBXFileReference; lastKnownFileType = sourcecode.c.h; path = "Bridging-Header.h"; sourceTree = "<group>"; };
		CAFEA5B91B6205CA00076ACD /* IAPDemo.app */ = {isa = PBXFileReference; explicitFileType = wrapper.application; includeInIndex = 0; path = IAPDemo.app; sourceTree = BUILT_PRODUCTS_DIR; };
		CAFEA5BD1B6205CA00076ACD /* Info.plist */ = {isa = PBXFileReference; lastKnownFileType = text.plist.xml; path = Info.plist; sourceTree = "<group>"; };
		CAFEA5BE1B6205CA00076ACD /* AppDelegate.swift */ = {isa = PBXFileReference; lastKnownFileType = sourcecode.swift; path = AppDelegate.swift; sourceTree = "<group>"; };
		CAFEA5C01B6205CA00076ACD /* ViewController.swift */ = {isa = PBXFileReference; lastKnownFileType = sourcecode.swift; path = ViewController.swift; sourceTree = "<group>"; };
		CAFEA5C31B6205CA00076ACD /* Base */ = {isa = PBXFileReference; lastKnownFileType = file.storyboard; name = Base; path = Base.lproj/Main.storyboard; sourceTree = "<group>"; };
		CAFEA5C51B6205CA00076ACD /* Images.xcassets */ = {isa = PBXFileReference; lastKnownFileType = folder.assetcatalog; path = Images.xcassets; sourceTree = "<group>"; };
		CAFEA5C81B6205CA00076ACD /* Base */ = {isa = PBXFileReference; lastKnownFileType = file.xib; name = Base; path = Base.lproj/LaunchScreen.xib; sourceTree = "<group>"; };
		CAFEA5CE1B6205CA00076ACD /* IAPDemoTests.xctest */ = {isa = PBXFileReference; explicitFileType = wrapper.cfbundle; includeInIndex = 0; path = IAPDemoTests.xctest; sourceTree = BUILT_PRODUCTS_DIR; };
		CAFEA5D31B6205CA00076ACD /* Info.plist */ = {isa = PBXFileReference; lastKnownFileType = text.plist.xml; path = Info.plist; sourceTree = "<group>"; };
		CAFEA5D41B6205CA00076ACD /* IAPDemoTests.swift */ = {isa = PBXFileReference; lastKnownFileType = sourcecode.swift; path = IAPDemoTests.swift; sourceTree = "<group>"; };
		CAFEA5DE1B620C9300076ACD /* StoreKit.framework */ = {isa = PBXFileReference; lastKnownFileType = wrapper.framework; name = StoreKit.framework; path = System/Library/Frameworks/StoreKit.framework; sourceTree = SDKROOT; };
		CAFEA5E21B621F3500076ACD /* button_down.png */ = {isa = PBXFileReference; lastKnownFileType = image.png; path = button_down.png; sourceTree = "<group>"; };
		CAFEA5E31B621F3500076ACD /* button_up.png */ = {isa = PBXFileReference; lastKnownFileType = image.png; path = button_up.png; sourceTree = "<group>"; };
/* End PBXFileReference section */

/* Begin PBXFrameworksBuildPhase section */
		CAFEA5B61B6205CA00076ACD /* Frameworks */ = {
			isa = PBXFrameworksBuildPhase;
			buildActionMask = 2147483647;
			files = (
				CA1134EC1B638A7100F15BAC /* CFNetwork.framework in Frameworks */,
				CA1134EA1B638A6A00F15BAC /* SystemConfiguration.framework in Frameworks */,
				CA1134E81B638A5B00F15BAC /* Security.framework in Frameworks */,
				CAFEA5DF1B620C9300076ACD /* StoreKit.framework in Frameworks */,
			);
			runOnlyForDeploymentPostprocessing = 0;
		};
		CAFEA5CB1B6205CA00076ACD /* Frameworks */ = {
			isa = PBXFrameworksBuildPhase;
			buildActionMask = 2147483647;
			files = (
			);
			runOnlyForDeploymentPostprocessing = 0;
		};
/* End PBXFrameworksBuildPhase section */

/* Begin PBXGroup section */
		CA1134C51B638A2A00F15BAC /* MKNetworkKit */ = {
			isa = PBXGroup;
			children = (
				CA1134C61B638A2A00F15BAC /* Categories */,
				CA1134D51B638A2A00F15BAC /* MKNetworkEngine.h */,
				CA1134D61B638A2A00F15BAC /* MKNetworkEngine.m */,
				CA1134D71B638A2A00F15BAC /* MKNetworkKit.h */,
				CA1134D81B638A2A00F15BAC /* MKNetworkOperation.h */,
				CA1134D91B638A2A00F15BAC /* MKNetworkOperation.m */,
				CA1134DA1B638A2A00F15BAC /* Reachability */,
			);
			path = MKNetworkKit;
			sourceTree = "<group>";
		};
		CA1134C61B638A2A00F15BAC /* Categories */ = {
			isa = PBXGroup;
			children = (
				CA1134C91B638A2A00F15BAC /* NSData+MKBase64.h */,
				CA1134CA1B638A2A00F15BAC /* NSData+MKBase64.m */,
				CA1134CB1B638A2A00F15BAC /* NSDate+RFC1123.h */,
				CA1134CC1B638A2A00F15BAC /* NSDate+RFC1123.m */,
				CA1134CD1B638A2A00F15BAC /* NSDictionary+RequestEncoding.h */,
				CA1134CE1B638A2A00F15BAC /* NSDictionary+RequestEncoding.m */,
				CA1134CF1B638A2A00F15BAC /* NSString+MKNetworkKitAdditions.h */,
				CA1134D01B638A2A00F15BAC /* NSString+MKNetworkKitAdditions.m */,
				CA1134D11B638A2A00F15BAC /* UIAlertView+MKNetworkKitAdditions.h */,
				CA1134D21B638A2A00F15BAC /* UIAlertView+MKNetworkKitAdditions.m */,
				CA1134D31B638A2A00F15BAC /* UIImageView+MKNetworkKitAdditions.h */,
				CA1134D41B638A2A00F15BAC /* UIImageView+MKNetworkKitAdditions.m */,
			);
			path = Categories;
			sourceTree = "<group>";
		};
		CA1134DA1B638A2A00F15BAC /* Reachability */ = {
			isa = PBXGroup;
			children = (
				CA1134DB1B638A2A00F15BAC /* Reachability.h */,
				CA1134DC1B638A2A00F15BAC /* Reachability.m */,
			);
			path = Reachability;
			sourceTree = "<group>";
		};
		CAFEA5B01B6205CA00076ACD = {
			isa = PBXGroup;
			children = (
				CA1134EB1B638A7100F15BAC /* CFNetwork.framework */,
				CA1134E91B638A6A00F15BAC /* SystemConfiguration.framework */,
				CA1134E71B638A5B00F15BAC /* Security.framework */,
				CAFEA5DE1B620C9300076ACD /* StoreKit.framework */,
				CA1134C51B638A2A00F15BAC /* MKNetworkKit */,
				CAFEA5BB1B6205CA00076ACD /* IAPDemo */,
				CAFEA5D11B6205CA00076ACD /* IAPDemoTests */,
				CAFEA5BA1B6205CA00076ACD /* Products */,
			);
			sourceTree = "<group>";
		};
		CAFEA5BA1B6205CA00076ACD /* Products */ = {
			isa = PBXGroup;
			children = (
				CAFEA5B91B6205CA00076ACD /* IAPDemo.app */,
				CAFEA5CE1B6205CA00076ACD /* IAPDemoTests.xctest */,
			);
			name = Products;
			sourceTree = "<group>";
		};
		CAFEA5BB1B6205CA00076ACD /* IAPDemo */ = {
			isa = PBXGroup;
			children = (
				CAFEA5E21B621F3500076ACD /* button_down.png */,
				CAFEA5E31B621F3500076ACD /* button_up.png */,
				CAFEA5BE1B6205CA00076ACD /* AppDelegate.swift */,
				CAFEA5C01B6205CA00076ACD /* ViewController.swift */,
				CAFEA5C21B6205CA00076ACD /* Main.storyboard */,
				CAFEA5C51B6205CA00076ACD /* Images.xcassets */,
				CAFEA5C71B6205CA00076ACD /* LaunchScreen.xib */,
				CAFEA5BC1B6205CA00076ACD /* Supporting Files */,
			);
			path = IAPDemo;
			sourceTree = "<group>";
		};
		CAFEA5BC1B6205CA00076ACD /* Supporting Files */ = {
			isa = PBXGroup;
			children = (
				CA1134ED1B638AA500F15BAC /* PrefixHeader.pch */,
				CA1134EE1B638AA500F15BAC /* Bridging-Header.h */,
				CAFEA5BD1B6205CA00076ACD /* Info.plist */,
			);
			name = "Supporting Files";
			sourceTree = "<group>";
		};
		CAFEA5D11B6205CA00076ACD /* IAPDemoTests */ = {
			isa = PBXGroup;
			children = (
				CAFEA5D41B6205CA00076ACD /* IAPDemoTests.swift */,
				CAFEA5D21B6205CA00076ACD /* Supporting Files */,
			);
			path = IAPDemoTests;
			sourceTree = "<group>";
		};
		CAFEA5D21B6205CA00076ACD /* Supporting Files */ = {
			isa = PBXGroup;
			children = (
				CAFEA5D31B6205CA00076ACD /* Info.plist */,
			);
			name = "Supporting Files";
			sourceTree = "<group>";
		};
/* End PBXGroup section */

/* Begin PBXNativeTarget section */
		CAFEA5B81B6205CA00076ACD /* IAPDemo */ = {
			isa = PBXNativeTarget;
			buildConfigurationList = CAFEA5D81B6205CA00076ACD /* Build configuration list for PBXNativeTarget "IAPDemo" */;
			buildPhases = (
				CAFEA5B51B6205CA00076ACD /* Sources */,
				CAFEA5B61B6205CA00076ACD /* Frameworks */,
				CAFEA5B71B6205CA00076ACD /* Resources */,
			);
			buildRules = (
			);
			dependencies = (
			);
			name = IAPDemo;
			productName = IAPDemo;
			productReference = CAFEA5B91B6205CA00076ACD /* IAPDemo.app */;
			productType = "com.apple.product-type.application";
		};
		CAFEA5CD1B6205CA00076ACD /* IAPDemoTests */ = {
			isa = PBXNativeTarget;
			buildConfigurationList = CAFEA5DB1B6205CA00076ACD /* Build configuration list for PBXNativeTarget "IAPDemoTests" */;
			buildPhases = (
				CAFEA5CA1B6205CA00076ACD /* Sources */,
				CAFEA5CB1B6205CA00076ACD /* Frameworks */,
				CAFEA5CC1B6205CA00076ACD /* Resources */,
			);
			buildRules = (
			);
			dependencies = (
				CAFEA5D01B6205CA00076ACD /* PBXTargetDependency */,
			);
			name = IAPDemoTests;
			productName = IAPDemoTests;
			productReference = CAFEA5CE1B6205CA00076ACD /* IAPDemoTests.xctest */;
			productType = "com.apple.product-type.bundle.unit-test";
		};
/* End PBXNativeTarget section */

/* Begin PBXProject section */
		CAFEA5B11B6205CA00076ACD /* Project object */ = {
			isa = PBXProject;
			attributes = {
				LastUpgradeCheck = 0630;
				ORGANIZATIONNAME = tonyguan;
				TargetAttributes = {
					CAFEA5B81B6205CA00076ACD = {
						CreatedOnToolsVersion = 6.3.2;
						DevelopmentTeam = 98Z3R5XU29;
					};
					CAFEA5CD1B6205CA00076ACD = {
						CreatedOnToolsVersion = 6.3.2;
						TestTargetID = CAFEA5B81B6205CA00076ACD;
					};
				};
			};
			buildConfigurationList = CAFEA5B41B6205CA00076ACD /* Build configuration list for PBXProject "IAPDemo" */;
			compatibilityVersion = "Xcode 3.2";
			developmentRegion = English;
			hasScannedForEncodings = 0;
			knownRegions = (
				en,
				Base,
			);
			mainGroup = CAFEA5B01B6205CA00076ACD;
			productRefGroup = CAFEA5BA1B6205CA00076ACD /* Products */;
			projectDirPath = "";
			projectRoot = "";
			targets = (
				CAFEA5B81B6205CA00076ACD /* IAPDemo */,
				CAFEA5CD1B6205CA00076ACD /* IAPDemoTests */,
			);
		};
/* End PBXProject section */

/* Begin PBXResourcesBuildPhase section */
		CAFEA5B71B6205CA00076ACD /* Resources */ = {
			isa = PBXResourcesBuildPhase;
			buildActionMask = 2147483647;
			files = (
				CAFEA5C41B6205CA00076ACD /* Main.storyboard in Resources */,
				CAFEA5C91B6205CA00076ACD /* LaunchScreen.xib in Resources */,
				CAFEA5E41B621F3500076ACD /* button_down.png in Resources */,
				CAFEA5E51B621F3500076ACD /* button_up.png in Resources */,
				CAFEA5C61B6205CA00076ACD /* Images.xcassets in Resources */,
			);
			runOnlyForDeploymentPostprocessing = 0;
		};
		CAFEA5CC1B6205CA00076ACD /* Resources */ = {
			isa = PBXResourcesBuildPhase;
			buildActionMask = 2147483647;
			files = (
			);
			runOnlyForDeploymentPostprocessing = 0;
		};
/* End PBXResourcesBuildPhase section */

/* Begin PBXSourcesBuildPhase section */
		CAFEA5B51B6205CA00076ACD /* Sources */ = {
			isa = PBXSourcesBuildPhase;
			buildActionMask = 2147483647;
			files = (
				CA1134E01B638A2A00F15BAC /* NSDictionary+RequestEncoding.m in Sources */,
				CA1134E11B638A2A00F15BAC /* NSString+MKNetworkKitAdditions.m in Sources */,
				CA1134E21B638A2A00F15BAC /* UIAlertView+MKNetworkKitAdditions.m in Sources */,
				CAFEA5C11B6205CA00076ACD /* ViewController.swift in Sources */,
				CA1134E51B638A2A00F15BAC /* MKNetworkOperation.m in Sources */,
				CA1134E31B638A2A00F15BAC /* UIImageView+MKNetworkKitAdditions.m in Sources */,
				CA1134E41B638A2A00F15BAC /* MKNetworkEngine.m in Sources */,
				CAFEA5BF1B6205CA00076ACD /* AppDelegate.swift in Sources */,
				CA1134DF1B638A2A00F15BAC /* NSDate+RFC1123.m in Sources */,
				CA1134E61B638A2A00F15BAC /* Reachability.m in Sources */,
				CA1134DE1B638A2A00F15BAC /* NSData+MKBase64.m in Sources */,
			);
			runOnlyForDeploymentPostprocessing = 0;
		};
		CAFEA5CA1B6205CA00076ACD /* Sources */ = {
			isa = PBXSourcesBuildPhase;
			buildActionMask = 2147483647;
			files = (
				CAFEA5D51B6205CA00076ACD /* IAPDemoTests.swift in Sources */,
			);
			runOnlyForDeploymentPostprocessing = 0;
		};
/* End PBXSourcesBuildPhase section */

/* Begin PBXTargetDependency section */
		CAFEA5D01B6205CA00076ACD /* PBXTargetDependency */ = {
			isa = PBXTargetDependency;
			target = CAFEA5B81B6205CA00076ACD /* IAPDemo */;
			targetProxy = CAFEA5CF1B6205CA00076ACD /* PBXContainerItemProxy */;
		};
/* End PBXTargetDependency section */

/* Begin PBXVariantGroup section */
		CAFEA5C21B6205CA00076ACD /* Main.storyboard */ = {
			isa = PBXVariantGroup;
			children = (
				CAFEA5C31B6205CA00076ACD /* Base */,
			);
			name = Main.storyboard;
			sourceTree = "<group>";
		};
		CAFEA5C71B6205CA00076ACD /* LaunchScreen.xib */ = {
			isa = PBXVariantGroup;
			children = (
				CAFEA5C81B6205CA00076ACD /* Base */,
			);
			name = LaunchScreen.xib;
			sourceTree = "<group>";
		};
/* End PBXVariantGroup section */

/* Begin XCBuildConfiguration section */
		CAFEA5D61B6205CA00076ACD /* Debug */ = {
			isa = XCBuildConfiguration;
			buildSettings = {
				ALWAYS_SEARCH_USER_PATHS = NO;
				CLANG_CXX_LANGUAGE_STANDARD = "gnu++0x";
				CLANG_CXX_LIBRARY = "libc++";
				CLANG_ENABLE_MODULES = YES;
				CLANG_ENABLE_OBJC_ARC = YES;
				CLANG_WARN_BOOL_CONVERSION = YES;
				CLANG_WARN_CONSTANT_CONVERSION = YES;
				CLANG_WARN_DIRECT_OBJC_ISA_USAGE = YES_ERROR;
				CLANG_WARN_EMPTY_BODY = YES;
				CLANG_WARN_ENUM_CONVERSION = YES;
				CLANG_WARN_INT_CONVERSION = YES;
				CLANG_WARN_OBJC_ROOT_CLASS = YES_ERROR;
				CLANG_WARN_UNREACHABLE_CODE = YES;
				CLANG_WARN__DUPLICATE_METHOD_MATCH = YES;
				"CODE_SIGN_IDENTITY[sdk=iphoneos*]" = "iPhone Developer";
				COPY_PHASE_STRIP = NO;
				DEBUG_INFORMATION_FORMAT = "dwarf-with-dsym";
				ENABLE_STRICT_OBJC_MSGSEND = YES;
				GCC_C_LANGUAGE_STANDARD = gnu99;
				GCC_DYNAMIC_NO_PIC = NO;
				GCC_NO_COMMON_BLOCKS = YES;
				GCC_OPTIMIZATION_LEVEL = 0;
				GCC_PREPROCESSOR_DEFINITIONS = (
					"DEBUG=1",
					"$(inherited)",
				);
				GCC_SYMBOLS_PRIVATE_EXTERN = NO;
				GCC_WARN_64_TO_32_BIT_CONVERSION = YES;
				GCC_WARN_ABOUT_RETURN_TYPE = YES_ERROR;
				GCC_WARN_UNDECLARED_SELECTOR = YES;
				GCC_WARN_UNINITIALIZED_AUTOS = YES_AGGRESSIVE;
				GCC_WARN_UNUSED_FUNCTION = YES;
				GCC_WARN_UNUSED_VARIABLE = YES;
				IPHONEOS_DEPLOYMENT_TARGET = 8.3;
				MTL_ENABLE_DEBUG_INFO = YES;
				ONLY_ACTIVE_ARCH = YES;
				SDKROOT = iphoneos;
				SWIFT_OPTIMIZATION_LEVEL = "-Onone";
			};
			name = Debug;
		};
		CAFEA5D71B6205CA00076ACD /* Release */ = {
			isa = XCBuildConfiguration;
			buildSettings = {
				ALWAYS_SEARCH_USER_PATHS = NO;
				CLANG_CXX_LANGUAGE_STANDARD = "gnu++0x";
				CLANG_CXX_LIBRARY = "libc++";
				CLANG_ENABLE_MODULES = YES;
				CLANG_ENABLE_OBJC_ARC = YES;
				CLANG_WARN_BOOL_CONVERSION = YES;
				CLANG_WARN_CONSTANT_CONVERSION = YES;
				CLANG_WARN_DIRECT_OBJC_ISA_USAGE = YES_ERROR;
				CLANG_WARN_EMPTY_BODY = YES;
				CLANG_WARN_ENUM_CONVERSION = YES;
				CLANG_WARN_INT_CONVERSION = YES;
				CLANG_WARN_OBJC_ROOT_CLASS = YES_ERROR;
				CLANG_WARN_UNREACHABLE_CODE = YES;
				CLANG_WARN__DUPLICATE_METHOD_MATCH = YES;
				"CODE_SIGN_IDENTITY[sdk=iphoneos*]" = "iPhone Developer";
				COPY_PHASE_STRIP = NO;
				DEBUG_INFORMATION_FORMAT = "dwarf-with-dsym";
				ENABLE_NS_ASSERTIONS = NO;
				ENABLE_STRICT_OBJC_MSGSEND = YES;
				GCC_C_LANGUAGE_STANDARD = gnu99;
				GCC_NO_COMMON_BLOCKS = YES;
				GCC_WARN_64_TO_32_BIT_CONVERSION = YES;
				GCC_WARN_ABOUT_RETURN_TYPE = YES_ERROR;
				GCC_WARN_UNDECLARED_SELECTOR = YES;
				GCC_WARN_UNINITIALIZED_AUTOS = YES_AGGRESSIVE;
				GCC_WARN_UNUSED_FUNCTION = YES;
				GCC_WARN_UNUSED_VARIABLE = YES;
				IPHONEOS_DEPLOYMENT_TARGET = 8.3;
				MTL_ENABLE_DEBUG_INFO = NO;
				SDKROOT = iphoneos;
				VALIDATE_PRODUCT = YES;
			};
			name = Release;
		};
		CAFEA5D91B6205CA00076ACD /* Debug */ = {
			isa = XCBuildConfiguration;
			buildSettings = {
				ASSETCATALOG_COMPILER_APPICON_NAME = AppIcon;
				CODE_SIGN_IDENTITY = "iPhone Developer";
				"CODE_SIGN_IDENTITY[sdk=iphoneos*]" = "iPhone Developer";
				GCC_PRECOMPILE_PREFIX_HEADER = YES;
				GCC_PREFIX_HEADER = IAPDemo/PrefixHeader.pch;
				INFOPLIST_FILE = IAPDemo/Info.plist;
				LD_RUNPATH_SEARCH_PATHS = "$(inherited) @executable_path/Frameworks";
				PRODUCT_NAME = "$(TARGET_NAME)";
				PROVISIONING_PROFILE = "";
				SWIFT_OBJC_BRIDGING_HEADER = "IAPDemo/Bridging-Header.h";
			};
			name = Debug;
		};
		CAFEA5DA1B6205CA00076ACD /* Release */ = {
			isa = XCBuildConfiguration;
			buildSettings = {
				ASSETCATALOG_COMPILER_APPICON_NAME = AppIcon;
				CODE_SIGN_IDENTITY = "iPhone Developer";
				"CODE_SIGN_IDENTITY[sdk=iphoneos*]" = "iPhone Developer";
				GCC_PRECOMPILE_PREFIX_HEADER = YES;
				GCC_PREFIX_HEADER = IAPDemo/PrefixHeader.pch;
				INFOPLIST_FILE = IAPDemo/Info.plist;
				LD_RUNPATH_SEARCH_PATHS = "$(inherited) @executable_path/Frameworks";
				PRODUCT_NAME = "$(TARGET_NAME)";
				PROVISIONING_PROFILE = "";
				SWIFT_OBJC_BRIDGING_HEADER = "IAPDemo/Bridging-Header.h";
			};
			name = Release;
		};
		CAFEA5DC1B6205CA00076ACD /* Debug */ = {
			isa = XCBuildConfiguration;
			buildSettings = {
				BUNDLE_LOADER = "$(TEST_HOST)";
				FRAMEWORK_SEARCH_PATHS = (
					"$(SDKROOT)/Developer/Library/Frameworks",
					"$(inherited)",
				);
				GCC_PREPROCESSOR_DEFINITIONS = (
					"DEBUG=1",
					"$(inherited)",
				);
				INFOPLIST_FILE = IAPDemoTests/Info.plist;
				LD_RUNPATH_SEARCH_PATHS = "$(inherited) @executable_path/Frameworks @loader_path/Frameworks";
				PRODUCT_NAME = "$(TARGET_NAME)";
				TEST_HOST = "$(BUILT_PRODUCTS_DIR)/IAPDemo.app/IAPDemo";
			};
			name = Debug;
		};
		CAFEA5DD1B6205CA00076ACD /* Release */ = {
			isa = XCBuildConfiguration;
			buildSettings = {
				BUNDLE_LOADER = "$(TEST_HOST)";
				FRAMEWORK_SEARCH_PATHS = (
					"$(SDKROOT)/Developer/Library/Frameworks",
					"$(inherited)",
				);
				INFOPLIST_FILE = IAPDemoTests/Info.plist;
				LD_RUNPATH_SEARCH_PATHS = "$(inherited) @executable_path/Frameworks @loader_path/Frameworks";
				PRODUCT_NAME = "$(TARGET_NAME)";
				TEST_HOST = "$(BUILT_PRODUCTS_DIR)/IAPDemo.app/IAPDemo";
			};
			name = Release;
		};
/* End XCBuildConfiguration section */

/* Begin XCConfigurationList section */
		CAFEA5B41B6205CA00076ACD /* Build configuration list for PBXProject "IAPDemo" */ = {
			isa = XCConfigurationList;
			buildConfigurations = (
				CAFEA5D61B6205CA00076ACD /* Debug */,
				CAFEA5D71B6205CA00076ACD /* Release */,
			);
			defaultConfigurationIsVisible = 0;
			defaultConfigurationName = Release;
		};
		CAFEA5D81B6205CA00076ACD /* Build configuration list for PBXNativeTarget "IAPDemo" */ = {
			isa = XCConfigurationList;
			buildConfigurations = (
				CAFEA5D91B6205CA00076ACD /* Debug */,
				CAFEA5DA1B6205CA00076ACD /* Release */,
			);
			defaultConfigurationIsVisible = 0;
			defaultConfigurationName = Release;
		};
		CAFEA5DB1B6205CA00076ACD /* Build configuration list for PBXNativeTarget "IAPDemoTests" */ = {
			isa = XCConfigurationList;
			buildConfigurations = (
				CAFEA5DC1B6205CA00076ACD /* Debug */,
				CAFEA5DD1B6205CA00076ACD /* Release */,
			);
			defaultConfigurationIsVisible = 0;
			defaultConfigurationName = Release;
		};
/* End XCConfigurationList section */
	};
	rootObject = CAFEA5B11B6205CA00076ACD /* Project object */;
}
