// !$*UTF8*$!
{
	archiveVersion = 1;
	classes = {
	};
	objectVersion = 46;
	objects = {

/* Begin PBXBuildFile section */
		43B19FE11B5745DC00728F5A /* AppDelegate.swift in Sources */ = {isa = PBXBuildFile; fileRef = 43B19FE01B5745DC00728F5A /* AppDelegate.swift */; };
		43B19FE31B5745DC00728F5A /* ViewController.swift in Sources */ = {isa = PBXBuildFile; fileRef = 43B19FE21B5745DC00728F5A /* ViewController.swift */; };
		43B19FE61B5745DC00728F5A /* Main.storyboard in Resources */ = {isa = PBXBuildFile; fileRef = 43B19FE41B5745DC00728F5A /* Main.storyboard */; };
		43B19FE81B5745DC00728F5A /* Images.xcassets in Resources */ = {isa = PBXBuildFile; fileRef = 43B19FE71B5745DC00728F5A /* Images.xcassets */; };
		43B19FEB1B5745DD00728F5A /* LaunchScreen.xib in Resources */ = {isa = PBXBuildFile; fileRef = 43B19FE91B5745DD00728F5A /* LaunchScreen.xib */; };
		43B19FF71B5745DD00728F5A /* DoucmentDemoTests.swift in Sources */ = {isa = PBXBuildFile; fileRef = 43B19FF61B5745DD00728F5A /* DoucmentDemoTests.swift */; };
		43B1A0011B57464100728F5A /* MyCloudDocument.swift in Sources */ = {isa = PBXBuildFile; fileRef = 43B1A0001B57464100728F5A /* MyCloudDocument.swift */; };
/* End PBXBuildFile section */

/* Begin PBXContainerItemProxy section */
		43B19FF11B5745DD00728F5A /* PBXContainerItemProxy */ = {
			isa = PBXContainerItemProxy;
			containerPortal = 43B19FD31B5745DC00728F5A /* Project object */;
			proxyType = 1;
			remoteGlobalIDString = 43B19FDA1B5745DC00728F5A;
			remoteInfo = DoucmentDemo;
		};
/* End PBXContainerItemProxy section */

/* Begin PBXFileReference section */
		43B19FDB1B5745DC00728F5A /* DoucmentDemo.app */ = {isa = PBXFileReference; explicitFileType = wrapper.application; includeInIndex = 0; path = DoucmentDemo.app; sourceTree = BUILT_PRODUCTS_DIR; };
		43B19FDF1B5745DC00728F5A /* Info.plist */ = {isa = PBXFileReference; lastKnownFileType = text.plist.xml; path = Info.plist; sourceTree = "<group>"; };
		43B19FE01B5745DC00728F5A /* AppDelegate.swift */ = {isa = PBXFileReference; lastKnownFileType = sourcecode.swift; path = AppDelegate.swift; sourceTree = "<group>"; };
		43B19FE21B5745DC00728F5A /* ViewController.swift */ = {isa = PBXFileReference; lastKnownFileType = sourcecode.swift; path = ViewController.swift; sourceTree = "<group>"; };
		43B19FE51B5745DC00728F5A /* Base */ = {isa = PBXFileReference; lastKnownFileType = file.storyboard; name = Base; path = Base.lproj/Main.storyboard; sourceTree = "<group>"; };
		43B19FE71B5745DC00728F5A /* Images.xcassets */ = {isa = PBXFileReference; lastKnownFileType = folder.assetcatalog; path = Images.xcassets; sourceTree = "<group>"; };
		43B19FEA1B5745DD00728F5A /* Base */ = {isa = PBXFileReference; lastKnownFileType = file.xib; name = Base; path = Base.lproj/LaunchScreen.xib; sourceTree = "<group>"; };
		43B19FF01B5745DD00728F5A /* DoucmentDemoTests.xctest */ = {isa = PBXFileReference; explicitFileType = wrapper.cfbundle; includeInIndex = 0; path = DoucmentDemoTests.xctest; sourceTree = BUILT_PRODUCTS_DIR; };
		43B19FF51B5745DD00728F5A /* Info.plist */ = {isa = PBXFileReference; lastKnownFileType = text.plist.xml; path = Info.plist; sourceTree = "<group>"; };
		43B19FF61B5745DD00728F5A /* DoucmentDemoTests.swift */ = {isa = PBXFileReference; lastKnownFileType = sourcecode.swift; path = DoucmentDemoTests.swift; sourceTree = "<group>"; };
		43B1A0001B57464100728F5A /* MyCloudDocument.swift */ = {isa = PBXFileReference; fileEncoding = 4; lastKnownFileType = sourcecode.swift; path = MyCloudDocument.swift; sourceTree = "<group>"; };
		CA445B4F1B5755CF00C814F7 /* DoucmentDemo.entitlements */ = {isa = PBXFileReference; lastKnownFileType = text.xml; path = DoucmentDemo.entitlements; sourceTree = "<group>"; };
/* End PBXFileReference section */

/* Begin PBXFrameworksBuildPhase section */
		43B19FD81B5745DC00728F5A /* Frameworks */ = {
			isa = PBXFrameworksBuildPhase;
			buildActionMask = 2147483647;
			files = (
			);
			runOnlyForDeploymentPostprocessing = 0;
		};
		43B19FED1B5745DD00728F5A /* Frameworks */ = {
			isa = PBXFrameworksBuildPhase;
			buildActionMask = 2147483647;
			files = (
			);
			runOnlyForDeploymentPostprocessing = 0;
		};
/* End PBXFrameworksBuildPhase section */

/* Begin PBXGroup section */
		43B19FD21B5745DC00728F5A = {
			isa = PBXGroup;
			children = (
				43B19FDD1B5745DC00728F5A /* DoucmentDemo */,
				43B19FF31B5745DD00728F5A /* DoucmentDemoTests */,
				43B19FDC1B5745DC00728F5A /* Products */,
			);
			sourceTree = "<group>";
		};
		43B19FDC1B5745DC00728F5A /* Products */ = {
			isa = PBXGroup;
			children = (
				43B19FDB1B5745DC00728F5A /* DoucmentDemo.app */,
				43B19FF01B5745DD00728F5A /* DoucmentDemoTests.xctest */,
			);
			name = Products;
			sourceTree = "<group>";
		};
		43B19FDD1B5745DC00728F5A /* DoucmentDemo */ = {
			isa = PBXGroup;
			children = (
				CA445B4F1B5755CF00C814F7 /* DoucmentDemo.entitlements */,
				43B19FE01B5745DC00728F5A /* AppDelegate.swift */,
				43B1A0001B57464100728F5A /* MyCloudDocument.swift */,
				43B19FE21B5745DC00728F5A /* ViewController.swift */,
				43B19FE41B5745DC00728F5A /* Main.storyboard */,
				43B19FE71B5745DC00728F5A /* Images.xcassets */,
				43B19FE91B5745DD00728F5A /* LaunchScreen.xib */,
				43B19FDE1B5745DC00728F5A /* Supporting Files */,
			);
			path = DoucmentDemo;
			sourceTree = "<group>";
		};
		43B19FDE1B5745DC00728F5A /* Supporting Files */ = {
			isa = PBXGroup;
			children = (
				43B19FDF1B5745DC00728F5A /* Info.plist */,
			);
			name = "Supporting Files";
			sourceTree = "<group>";
		};
		43B19FF31B5745DD00728F5A /* DoucmentDemoTests */ = {
			isa = PBXGroup;
			children = (
				43B19FF61B5745DD00728F5A /* DoucmentDemoTests.swift */,
				43B19FF41B5745DD00728F5A /* Supporting Files */,
			);
			path = DoucmentDemoTests;
			sourceTree = "<group>";
		};
		43B19FF41B5745DD00728F5A /* Supporting Files */ = {
			isa = PBXGroup;
			children = (
				43B19FF51B5745DD00728F5A /* Info.plist */,
			);
			name = "Supporting Files";
			sourceTree = "<group>";
		};
/* End PBXGroup section */

/* Begin PBXNativeTarget section */
		43B19FDA1B5745DC00728F5A /* DoucmentDemo */ = {
			isa = PBXNativeTarget;
			buildConfigurationList = 43B19FFA1B5745DD00728F5A /* Build configuration list for PBXNativeTarget "DoucmentDemo" */;
			buildPhases = (
				43B19FD71B5745DC00728F5A /* Sources */,
				43B19FD81B5745DC00728F5A /* Frameworks */,
				43B19FD91B5745DC00728F5A /* Resources */,
			);
			buildRules = (
			);
			dependencies = (
			);
			name = DoucmentDemo;
			productName = DoucmentDemo;
			productReference = 43B19FDB1B5745DC00728F5A /* DoucmentDemo.app */;
			productType = "com.apple.product-type.application";
		};
		43B19FEF1B5745DD00728F5A /* DoucmentDemoTests */ = {
			isa = PBXNativeTarget;
			buildConfigurationList = 43B19FFD1B5745DD00728F5A /* Build configuration list for PBXNativeTarget "DoucmentDemoTests" */;
			buildPhases = (
				43B19FEC1B5745DD00728F5A /* Sources */,
				43B19FED1B5745DD00728F5A /* Frameworks */,
				43B19FEE1B5745DD00728F5A /* Resources */,
			);
			buildRules = (
			);
			dependencies = (
				43B19FF21B5745DD00728F5A /* PBXTargetDependency */,
			);
			name = DoucmentDemoTests;
			productName = DoucmentDemoTests;
			productReference = 43B19FF01B5745DD00728F5A /* DoucmentDemoTests.xctest */;
			productType = "com.apple.product-type.bundle.unit-test";
		};
/* End PBXNativeTarget section */

/* Begin PBXProject section */
		43B19FD31B5745DC00728F5A /* Project object */ = {
			isa = PBXProject;
			attributes = {
				LastUpgradeCheck = 0630;
				ORGANIZATIONNAME = tony.guan;
				TargetAttributes = {
					43B19FDA1B5745DC00728F5A = {
						CreatedOnToolsVersion = 6.3.1;
						DevelopmentTeam = 98Z3R5XU29;
						SystemCapabilities = {
							com.apple.iCloud = {
								enabled = 1;
							};
						};
					};
					43B19FEF1B5745DD00728F5A = {
						CreatedOnToolsVersion = 6.3.1;
						TestTargetID = 43B19FDA1B5745DC00728F5A;
					};
				};
			};
			buildConfigurationList = 43B19FD61B5745DC00728F5A /* Build configuration list for PBXProject "DoucmentDemo" */;
			compatibilityVersion = "Xcode 3.2";
			developmentRegion = English;
			hasScannedForEncodings = 0;
			knownRegions = (
				en,
				Base,
			);
			mainGroup = 43B19FD21B5745DC00728F5A;
			productRefGroup = 43B19FDC1B5745DC00728F5A /* Products */;
			projectDirPath = "";
			projectRoot = "";
			targets = (
				43B19FDA1B5745DC00728F5A /* DoucmentDemo */,
				43B19FEF1B5745DD00728F5A /* DoucmentDemoTests */,
			);
		};
/* End PBXProject section */

/* Begin PBXResourcesBuildPhase section */
		43B19FD91B5745DC00728F5A /* Resources */ = {
			isa = PBXResourcesBuildPhase;
			buildActionMask = 2147483647;
			files = (
				43B19FE61B5745DC00728F5A /* Main.storyboard in Resources */,
				43B19FEB1B5745DD00728F5A /* LaunchScreen.xib in Resources */,
				43B19FE81B5745DC00728F5A /* Images.xcassets in Resources */,
			);
			runOnlyForDeploymentPostprocessing = 0;
		};
		43B19FEE1B5745DD00728F5A /* Resources */ = {
			isa = PBXResourcesBuildPhase;
			buildActionMask = 2147483647;
			files = (
			);
			runOnlyForDeploymentPostprocessing = 0;
		};
/* End PBXResourcesBuildPhase section */

/* Begin PBXSourcesBuildPhase section */
		43B19FD71B5745DC00728F5A /* Sources */ = {
			isa = PBXSourcesBuildPhase;
			buildActionMask = 2147483647;
			files = (
				43B19FE31B5745DC00728F5A /* ViewController.swift in Sources */,
				43B1A0011B57464100728F5A /* MyCloudDocument.swift in Sources */,
				43B19FE11B5745DC00728F5A /* AppDelegate.swift in Sources */,
			);
			runOnlyForDeploymentPostprocessing = 0;
		};
		43B19FEC1B5745DD00728F5A /* Sources */ = {
			isa = PBXSourcesBuildPhase;
			buildActionMask = 2147483647;
			files = (
				43B19FF71B5745DD00728F5A /* DoucmentDemoTests.swift in Sources */,
			);
			runOnlyForDeploymentPostprocessing = 0;
		};
/* End PBXSourcesBuildPhase section */

/* Begin PBXTargetDependency section */
		43B19FF21B5745DD00728F5A /* PBXTargetDependency */ = {
			isa = PBXTargetDependency;
			target = 43B19FDA1B5745DC00728F5A /* DoucmentDemo */;
			targetProxy = 43B19FF11B5745DD00728F5A /* PBXContainerItemProxy */;
		};
/* End PBXTargetDependency section */

/* Begin PBXVariantGroup section */
		43B19FE41B5745DC00728F5A /* Main.storyboard */ = {
			isa = PBXVariantGroup;
			children = (
				43B19FE51B5745DC00728F5A /* Base */,
			);
			name = Main.storyboard;
			sourceTree = "<group>";
		};
		43B19FE91B5745DD00728F5A /* LaunchScreen.xib */ = {
			isa = PBXVariantGroup;
			children = (
				43B19FEA1B5745DD00728F5A /* Base */,
			);
			name = LaunchScreen.xib;
			sourceTree = "<group>";
		};
/* End PBXVariantGroup section */

/* Begin XCBuildConfiguration section */
		43B19FF81B5745DD00728F5A /* Debug */ = {
			isa = XCBuildConfiguration;
			buildSettings = {
				ALWAYS_SEARCH_USER_PATHS = NO;
				CLANG_CXX_LANGUAGE_STANDARD = "gnu++0x";
				CLANG_CXX_LIBRARY = "libc++";
				CLANG_ENABLE_MODULES = YES;
				CLANG_ENABLE_OBJC_ARC = YES;
				CLANG_WARN_BOOL_CONVERSION = YES;
				CLANG_WARN_CONSTANT_CONVERSION = YES;
				CLANG_WARN_DIRECT_OBJC_ISA_USAGE = YES_ERROR;
				CLANG_WARN_EMPTY_BODY = YES;
				CLANG_WARN_ENUM_CONVERSION = YES;
				CLANG_WARN_INT_CONVERSION = YES;
				CLANG_WARN_OBJC_ROOT_CLASS = YES_ERROR;
				CLANG_WARN_UNREACHABLE_CODE = YES;
				CLANG_WARN__DUPLICATE_METHOD_MATCH = YES;
				"CODE_SIGN_IDENTITY[sdk=iphoneos*]" = "iPhone Developer";
				COPY_PHASE_STRIP = NO;
				DEBUG_INFORMATION_FORMAT = "dwarf-with-dsym";
				ENABLE_STRICT_OBJC_MSGSEND = YES;
				GCC_C_LANGUAGE_STANDARD = gnu99;
				GCC_DYNAMIC_NO_PIC = NO;
				GCC_NO_COMMON_BLOCKS = YES;
				GCC_OPTIMIZATION_LEVEL = 0;
				GCC_PREPROCESSOR_DEFINITIONS = (
					"DEBUG=1",
					"$(inherited)",
				);
				GCC_SYMBOLS_PRIVATE_EXTERN = NO;
				GCC_WARN_64_TO_32_BIT_CONVERSION = YES;
				GCC_WARN_ABOUT_RETURN_TYPE = YES_ERROR;
				GCC_WARN_UNDECLARED_SELECTOR = YES;
				GCC_WARN_UNINITIALIZED_AUTOS = YES_AGGRESSIVE;
				GCC_WARN_UNUSED_FUNCTION = YES;
				GCC_WARN_UNUSED_VARIABLE = YES;
				IPHONEOS_DEPLOYMENT_TARGET = 8.3;
				MTL_ENABLE_DEBUG_INFO = YES;
				ONLY_ACTIVE_ARCH = YES;
				SDKROOT = iphoneos;
				SWIFT_OPTIMIZATION_LEVEL = "-Onone";
			};
			name = Debug;
		};
		43B19FF91B5745DD00728F5A /* Release */ = {
			isa = XCBuildConfiguration;
			buildSettings = {
				ALWAYS_SEARCH_USER_PATHS = NO;
				CLANG_CXX_LANGUAGE_STANDARD = "gnu++0x";
				CLANG_CXX_LIBRARY = "libc++";
				CLANG_ENABLE_MODULES = YES;
				CLANG_ENABLE_OBJC_ARC = YES;
				CLANG_WARN_BOOL_CONVERSION = YES;
				CLANG_WARN_CONSTANT_CONVERSION = YES;
				CLANG_WARN_DIRECT_OBJC_ISA_USAGE = YES_ERROR;
				CLANG_WARN_EMPTY_BODY = YES;
				CLANG_WARN_ENUM_CONVERSION = YES;
				CLANG_WARN_INT_CONVERSION = YES;
				CLANG_WARN_OBJC_ROOT_CLASS = YES_ERROR;
				CLANG_WARN_UNREACHABLE_CODE = YES;
				CLANG_WARN__DUPLICATE_METHOD_MATCH = YES;
				"CODE_SIGN_IDENTITY[sdk=iphoneos*]" = "iPhone Developer";
				COPY_PHASE_STRIP = NO;
				DEBUG_INFORMATION_FORMAT = "dwarf-with-dsym";
				ENABLE_NS_ASSERTIONS = NO;
				ENABLE_STRICT_OBJC_MSGSEND = YES;
				GCC_C_LANGUAGE_STANDARD = gnu99;
				GCC_NO_COMMON_BLOCKS = YES;
				GCC_WARN_64_TO_32_BIT_CONVERSION = YES;
				GCC_WARN_ABOUT_RETURN_TYPE = YES_ERROR;
				GCC_WARN_UNDECLARED_SELECTOR = YES;
				GCC_WARN_UNINITIALIZED_AUTOS = YES_AGGRESSIVE;
				GCC_WARN_UNUSED_FUNCTION = YES;
				GCC_WARN_UNUSED_VARIABLE = YES;
				IPHONEOS_DEPLOYMENT_TARGET = 8.3;
				MTL_ENABLE_DEBUG_INFO = NO;
				SDKROOT = iphoneos;
				VALIDATE_PRODUCT = YES;
			};
			name = Release;
		};
		43B19FFB1B5745DD00728F5A /* Debug */ = {
			isa = XCBuildConfiguration;
			buildSettings = {
				ASSETCATALOG_COMPILER_APPICON_NAME = AppIcon;
				CODE_SIGN_ENTITLEMENTS = DoucmentDemo/DoucmentDemo.entitlements;
				CODE_SIGN_IDENTITY = "iPhone Developer";
				"CODE_SIGN_IDENTITY[sdk=iphoneos*]" = "iPhone Developer";
				INFOPLIST_FILE = DoucmentDemo/Info.plist;
				LD_RUNPATH_SEARCH_PATHS = "$(inherited) @executable_path/Frameworks";
				PRODUCT_NAME = "$(TARGET_NAME)";
				PROVISIONING_PROFILE = "";
			};
			name = Debug;
		};
		43B19FFC1B5745DD00728F5A /* Release */ = {
			isa = XCBuildConfiguration;
			buildSettings = {
				ASSETCATALOG_COMPILER_APPICON_NAME = AppIcon;
				CODE_SIGN_ENTITLEMENTS = DoucmentDemo/DoucmentDemo.entitlements;
				CODE_SIGN_IDENTITY = "iPhone Developer";
				"CODE_SIGN_IDENTITY[sdk=iphoneos*]" = "iPhone Developer";
				INFOPLIST_FILE = DoucmentDemo/Info.plist;
				LD_RUNPATH_SEARCH_PATHS = "$(inherited) @executable_path/Frameworks";
				PRODUCT_NAME = "$(TARGET_NAME)";
				PROVISIONING_PROFILE = "";
			};
			name = Release;
		};
		43B19FFE1B5745DD00728F5A /* Debug */ = {
			isa = XCBuildConfiguration;
			buildSettings = {
				BUNDLE_LOADER = "$(TEST_HOST)";
				FRAMEWORK_SEARCH_PATHS = (
					"$(SDKROOT)/Developer/Library/Frameworks",
					"$(inherited)",
				);
				GCC_PREPROCESSOR_DEFINITIONS = (
					"DEBUG=1",
					"$(inherited)",
				);
				INFOPLIST_FILE = DoucmentDemoTests/Info.plist;
				LD_RUNPATH_SEARCH_PATHS = "$(inherited) @executable_path/Frameworks @loader_path/Frameworks";
				PRODUCT_NAME = "$(TARGET_NAME)";
				TEST_HOST = "$(BUILT_PRODUCTS_DIR)/DoucmentDemo.app/DoucmentDemo";
			};
			name = Debug;
		};
		43B19FFF1B5745DD00728F5A /* Release */ = {
			isa = XCBuildConfiguration;
			buildSettings = {
				BUNDLE_LOADER = "$(TEST_HOST)";
				FRAMEWORK_SEARCH_PATHS = (
					"$(SDKROOT)/Developer/Library/Frameworks",
					"$(inherited)",
				);
				INFOPLIST_FILE = DoucmentDemoTests/Info.plist;
				LD_RUNPATH_SEARCH_PATHS = "$(inherited) @executable_path/Frameworks @loader_path/Frameworks";
				PRODUCT_NAME = "$(TARGET_NAME)";
				TEST_HOST = "$(BUILT_PRODUCTS_DIR)/DoucmentDemo.app/DoucmentDemo";
			};
			name = Release;
		};
/* End XCBuildConfiguration section */

/* Begin XCConfigurationList section */
		43B19FD61B5745DC00728F5A /* Build configuration list for PBXProject "DoucmentDemo" */ = {
			isa = XCConfigurationList;
			buildConfigurations = (
				43B19FF81B5745DD00728F5A /* Debug */,
				43B19FF91B5745DD00728F5A /* Release */,
			);
			defaultConfigurationIsVisible = 0;
			defaultConfigurationName = Release;
		};
		43B19FFA1B5745DD00728F5A /* Build configuration list for PBXNativeTarget "DoucmentDemo" */ = {
			isa = XCConfigurationList;
			buildConfigurations = (
				43B19FFB1B5745DD00728F5A /* Debug */,
				43B19FFC1B5745DD00728F5A /* Release */,
			);
			defaultConfigurationIsVisible = 0;
			defaultConfigurationName = Release;
		};
		43B19FFD1B5745DD00728F5A /* Build configuration list for PBXNativeTarget "DoucmentDemoTests" */ = {
			isa = XCConfigurationList;
			buildConfigurations = (
				43B19FFE1B5745DD00728F5A /* Debug */,
				43B19FFF1B5745DD00728F5A /* Release */,
			);
			defaultConfigurationIsVisible = 0;
			defaultConfigurationName = Release;
		};
/* End XCConfigurationList section */
	};
	rootObject = 43B19FD31B5745DC00728F5A /* Project object */;
}
