// !$*UTF8*$!
{
	archiveVersion = 1;
	classes = {
	};
	objectVersion = 46;
	objects = {

/* Begin PBXBuildFile section */
		CA18B25F1B5CE2ED00089DA6 /* AppDelegate.swift in Sources */ = {isa = PBXBuildFile; fileRef = CA18B25E1B5CE2ED00089DA6 /* AppDelegate.swift */; };
		CA18B2611B5CE2ED00089DA6 /* ViewController.swift in Sources */ = {isa = PBXBuildFile; fileRef = CA18B2601B5CE2ED00089DA6 /* ViewController.swift */; };
		CA18B2641B5CE2ED00089DA6 /* Main.storyboard in Resources */ = {isa = PBXBuildFile; fileRef = CA18B2621B5CE2ED00089DA6 /* Main.storyboard */; };
		CA18B2661B5CE2ED00089DA6 /* Images.xcassets in Resources */ = {isa = PBXBuildFile; fileRef = CA18B2651B5CE2ED00089DA6 /* Images.xcassets */; };
		CA18B2691B5CE2EE00089DA6 /* LaunchScreen.xib in Resources */ = {isa = PBXBuildFile; fileRef = CA18B2671B5CE2ED00089DA6 /* LaunchScreen.xib */; };
		CA18B2751B5CE2EE00089DA6 /* LocalNotifiTests.swift in Sources */ = {isa = PBXBuildFile; fileRef = CA18B2741B5CE2EE00089DA6 /* LocalNotifiTests.swift */; };
/* End PBXBuildFile section */

/* Begin PBXContainerItemProxy section */
		CA18B26F1B5CE2EE00089DA6 /* PBXContainerItemProxy */ = {
			isa = PBXContainerItemProxy;
			containerPortal = CA18B2511B5CE2ED00089DA6 /* Project object */;
			proxyType = 1;
			remoteGlobalIDString = CA18B2581B5CE2ED00089DA6;
			remoteInfo = LocalNotifi;
		};
/* End PBXContainerItemProxy section */

/* Begin PBXFileReference section */
		CA18B2591B5CE2ED00089DA6 /* LocalNotifi.app */ = {isa = PBXFileReference; explicitFileType = wrapper.application; includeInIndex = 0; path = LocalNotifi.app; sourceTree = BUILT_PRODUCTS_DIR; };
		CA18B25D1B5CE2ED00089DA6 /* Info.plist */ = {isa = PBXFileReference; lastKnownFileType = text.plist.xml; path = Info.plist; sourceTree = "<group>"; };
		CA18B25E1B5CE2ED00089DA6 /* AppDelegate.swift */ = {isa = PBXFileReference; lastKnownFileType = sourcecode.swift; path = AppDelegate.swift; sourceTree = "<group>"; };
		CA18B2601B5CE2ED00089DA6 /* ViewController.swift */ = {isa = PBXFileReference; lastKnownFileType = sourcecode.swift; path = ViewController.swift; sourceTree = "<group>"; };
		CA18B2631B5CE2ED00089DA6 /* Base */ = {isa = PBXFileReference; lastKnownFileType = file.storyboard; name = Base; path = Base.lproj/Main.storyboard; sourceTree = "<group>"; };
		CA18B2651B5CE2ED00089DA6 /* Images.xcassets */ = {isa = PBXFileReference; lastKnownFileType = folder.assetcatalog; path = Images.xcassets; sourceTree = "<group>"; };
		CA18B2681B5CE2ED00089DA6 /* Base */ = {isa = PBXFileReference; lastKnownFileType = file.xib; name = Base; path = Base.lproj/LaunchScreen.xib; sourceTree = "<group>"; };
		CA18B26E1B5CE2EE00089DA6 /* LocalNotifiTests.xctest */ = {isa = PBXFileReference; explicitFileType = wrapper.cfbundle; includeInIndex = 0; path = LocalNotifiTests.xctest; sourceTree = BUILT_PRODUCTS_DIR; };
		CA18B2731B5CE2EE00089DA6 /* Info.plist */ = {isa = PBXFileReference; lastKnownFileType = text.plist.xml; path = Info.plist; sourceTree = "<group>"; };
		CA18B2741B5CE2EE00089DA6 /* LocalNotifiTests.swift */ = {isa = PBXFileReference; lastKnownFileType = sourcecode.swift; path = LocalNotifiTests.swift; sourceTree = "<group>"; };
/* End PBXFileReference section */

/* Begin PBXFrameworksBuildPhase section */
		CA18B2561B5CE2ED00089DA6 /* Frameworks */ = {
			isa = PBXFrameworksBuildPhase;
			buildActionMask = 2147483647;
			files = (
			);
			runOnlyForDeploymentPostprocessing = 0;
		};
		CA18B26B1B5CE2EE00089DA6 /* Frameworks */ = {
			isa = PBXFrameworksBuildPhase;
			buildActionMask = 2147483647;
			files = (
			);
			runOnlyForDeploymentPostprocessing = 0;
		};
/* End PBXFrameworksBuildPhase section */

/* Begin PBXGroup section */
		CA18B2501B5CE2ED00089DA6 = {
			isa = PBXGroup;
			children = (
				CA18B25B1B5CE2ED00089DA6 /* LocalNotifi */,
				CA18B2711B5CE2EE00089DA6 /* LocalNotifiTests */,
				CA18B25A1B5CE2ED00089DA6 /* Products */,
			);
			sourceTree = "<group>";
		};
		CA18B25A1B5CE2ED00089DA6 /* Products */ = {
			isa = PBXGroup;
			children = (
				CA18B2591B5CE2ED00089DA6 /* LocalNotifi.app */,
				CA18B26E1B5CE2EE00089DA6 /* LocalNotifiTests.xctest */,
			);
			name = Products;
			sourceTree = "<group>";
		};
		CA18B25B1B5CE2ED00089DA6 /* LocalNotifi */ = {
			isa = PBXGroup;
			children = (
				CA18B25E1B5CE2ED00089DA6 /* AppDelegate.swift */,
				CA18B2601B5CE2ED00089DA6 /* ViewController.swift */,
				CA18B2621B5CE2ED00089DA6 /* Main.storyboard */,
				CA18B2651B5CE2ED00089DA6 /* Images.xcassets */,
				CA18B2671B5CE2ED00089DA6 /* LaunchScreen.xib */,
				CA18B25C1B5CE2ED00089DA6 /* Supporting Files */,
			);
			path = LocalNotifi;
			sourceTree = "<group>";
		};
		CA18B25C1B5CE2ED00089DA6 /* Supporting Files */ = {
			isa = PBXGroup;
			children = (
				CA18B25D1B5CE2ED00089DA6 /* Info.plist */,
			);
			name = "Supporting Files";
			sourceTree = "<group>";
		};
		CA18B2711B5CE2EE00089DA6 /* LocalNotifiTests */ = {
			isa = PBXGroup;
			children = (
				CA18B2741B5CE2EE00089DA6 /* LocalNotifiTests.swift */,
				CA18B2721B5CE2EE00089DA6 /* Supporting Files */,
			);
			path = LocalNotifiTests;
			sourceTree = "<group>";
		};
		CA18B2721B5CE2EE00089DA6 /* Supporting Files */ = {
			isa = PBXGroup;
			children = (
				CA18B2731B5CE2EE00089DA6 /* Info.plist */,
			);
			name = "Supporting Files";
			sourceTree = "<group>";
		};
/* End PBXGroup section */

/* Begin PBXNativeTarget section */
		CA18B2581B5CE2ED00089DA6 /* LocalNotifi */ = {
			isa = PBXNativeTarget;
			buildConfigurationList = CA18B2781B5CE2EE00089DA6 /* Build configuration list for PBXNativeTarget "LocalNotifi" */;
			buildPhases = (
				CA18B2551B5CE2ED00089DA6 /* Sources */,
				CA18B2561B5CE2ED00089DA6 /* Frameworks */,
				CA18B2571B5CE2ED00089DA6 /* Resources */,
			);
			buildRules = (
			);
			dependencies = (
			);
			name = LocalNotifi;
			productName = LocalNotifi;
			productReference = CA18B2591B5CE2ED00089DA6 /* LocalNotifi.app */;
			productType = "com.apple.product-type.application";
		};
		CA18B26D1B5CE2EE00089DA6 /* LocalNotifiTests */ = {
			isa = PBXNativeTarget;
			buildConfigurationList = CA18B27B1B5CE2EE00089DA6 /* Build configuration list for PBXNativeTarget "LocalNotifiTests" */;
			buildPhases = (
				CA18B26A1B5CE2EE00089DA6 /* Sources */,
				CA18B26B1B5CE2EE00089DA6 /* Frameworks */,
				CA18B26C1B5CE2EE00089DA6 /* Resources */,
			);
			buildRules = (
			);
			dependencies = (
				CA18B2701B5CE2EE00089DA6 /* PBXTargetDependency */,
			);
			name = LocalNotifiTests;
			productName = LocalNotifiTests;
			productReference = CA18B26E1B5CE2EE00089DA6 /* LocalNotifiTests.xctest */;
			productType = "com.apple.product-type.bundle.unit-test";
		};
/* End PBXNativeTarget section */

/* Begin PBXProject section */
		CA18B2511B5CE2ED00089DA6 /* Project object */ = {
			isa = PBXProject;
			attributes = {
				LastUpgradeCheck = 0630;
				ORGANIZATIONNAME = tonyguan;
				TargetAttributes = {
					CA18B2581B5CE2ED00089DA6 = {
						CreatedOnToolsVersion = 6.3.2;
					};
					CA18B26D1B5CE2EE00089DA6 = {
						CreatedOnToolsVersion = 6.3.2;
						TestTargetID = CA18B2581B5CE2ED00089DA6;
					};
				};
			};
			buildConfigurationList = CA18B2541B5CE2ED00089DA6 /* Build configuration list for PBXProject "LocalNotifi" */;
			compatibilityVersion = "Xcode 3.2";
			developmentRegion = English;
			hasScannedForEncodings = 0;
			knownRegions = (
				en,
				Base,
			);
			mainGroup = CA18B2501B5CE2ED00089DA6;
			productRefGroup = CA18B25A1B5CE2ED00089DA6 /* Products */;
			projectDirPath = "";
			projectRoot = "";
			targets = (
				CA18B2581B5CE2ED00089DA6 /* LocalNotifi */,
				CA18B26D1B5CE2EE00089DA6 /* LocalNotifiTests */,
			);
		};
/* End PBXProject section */

/* Begin PBXResourcesBuildPhase section */
		CA18B2571B5CE2ED00089DA6 /* Resources */ = {
			isa = PBXResourcesBuildPhase;
			buildActionMask = 2147483647;
			files = (
				CA18B2641B5CE2ED00089DA6 /* Main.storyboard in Resources */,
				CA18B2691B5CE2EE00089DA6 /* LaunchScreen.xib in Resources */,
				CA18B2661B5CE2ED00089DA6 /* Images.xcassets in Resources */,
			);
			runOnlyForDeploymentPostprocessing = 0;
		};
		CA18B26C1B5CE2EE00089DA6 /* Resources */ = {
			isa = PBXResourcesBuildPhase;
			buildActionMask = 2147483647;
			files = (
			);
			runOnlyForDeploymentPostprocessing = 0;
		};
/* End PBXResourcesBuildPhase section */

/* Begin PBXSourcesBuildPhase section */
		CA18B2551B5CE2ED00089DA6 /* Sources */ = {
			isa = PBXSourcesBuildPhase;
			buildActionMask = 2147483647;
			files = (
				CA18B2611B5CE2ED00089DA6 /* ViewController.swift in Sources */,
				CA18B25F1B5CE2ED00089DA6 /* AppDelegate.swift in Sources */,
			);
			runOnlyForDeploymentPostprocessing = 0;
		};
		CA18B26A1B5CE2EE00089DA6 /* Sources */ = {
			isa = PBXSourcesBuildPhase;
			buildActionMask = 2147483647;
			files = (
				CA18B2751B5CE2EE00089DA6 /* LocalNotifiTests.swift in Sources */,
			);
			runOnlyForDeploymentPostprocessing = 0;
		};
/* End PBXSourcesBuildPhase section */

/* Begin PBXTargetDependency section */
		CA18B2701B5CE2EE00089DA6 /* PBXTargetDependency */ = {
			isa = PBXTargetDependency;
			target = CA18B2581B5CE2ED00089DA6 /* LocalNotifi */;
			targetProxy = CA18B26F1B5CE2EE00089DA6 /* PBXContainerItemProxy */;
		};
/* End PBXTargetDependency section */

/* Begin PBXVariantGroup section */
		CA18B2621B5CE2ED00089DA6 /* Main.storyboard */ = {
			isa = PBXVariantGroup;
			children = (
				CA18B2631B5CE2ED00089DA6 /* Base */,
			);
			name = Main.storyboard;
			sourceTree = "<group>";
		};
		CA18B2671B5CE2ED00089DA6 /* LaunchScreen.xib */ = {
			isa = PBXVariantGroup;
			children = (
				CA18B2681B5CE2ED00089DA6 /* Base */,
			);
			name = LaunchScreen.xib;
			sourceTree = "<group>";
		};
/* End PBXVariantGroup section */

/* Begin XCBuildConfiguration section */
		CA18B2761B5CE2EE00089DA6 /* Debug */ = {
			isa = XCBuildConfiguration;
			buildSettings = {
				ALWAYS_SEARCH_USER_PATHS = NO;
				CLANG_CXX_LANGUAGE_STANDARD = "gnu++0x";
				CLANG_CXX_LIBRARY = "libc++";
				CLANG_ENABLE_MODULES = YES;
				CLANG_ENABLE_OBJC_ARC = YES;
				CLANG_WARN_BOOL_CONVERSION = YES;
				CLANG_WARN_CONSTANT_CONVERSION = YES;
				CLANG_WARN_DIRECT_OBJC_ISA_USAGE = YES_ERROR;
				CLANG_WARN_EMPTY_BODY = YES;
				CLANG_WARN_ENUM_CONVERSION = YES;
				CLANG_WARN_INT_CONVERSION = YES;
				CLANG_WARN_OBJC_ROOT_CLASS = YES_ERROR;
				CLANG_WARN_UNREACHABLE_CODE = YES;
				CLANG_WARN__DUPLICATE_METHOD_MATCH = YES;
				"CODE_SIGN_IDENTITY[sdk=iphoneos*]" = "iPhone Developer";
				COPY_PHASE_STRIP = NO;
				DEBUG_INFORMATION_FORMAT = "dwarf-with-dsym";
				ENABLE_STRICT_OBJC_MSGSEND = YES;
				GCC_C_LANGUAGE_STANDARD = gnu99;
				GCC_DYNAMIC_NO_PIC = NO;
				GCC_NO_COMMON_BLOCKS = YES;
				GCC_OPTIMIZATION_LEVEL = 0;
				GCC_PREPROCESSOR_DEFINITIONS = (
					"DEBUG=1",
					"$(inherited)",
				);
				GCC_SYMBOLS_PRIVATE_EXTERN = NO;
				GCC_WARN_64_TO_32_BIT_CONVERSION = YES;
				GCC_WARN_ABOUT_RETURN_TYPE = YES_ERROR;
				GCC_WARN_UNDECLARED_SELECTOR = YES;
				GCC_WARN_UNINITIALIZED_AUTOS = YES_AGGRESSIVE;
				GCC_WARN_UNUSED_FUNCTION = YES;
				GCC_WARN_UNUSED_VARIABLE = YES;
				IPHONEOS_DEPLOYMENT_TARGET = 8.3;
				MTL_ENABLE_DEBUG_INFO = YES;
				ONLY_ACTIVE_ARCH = YES;
				SDKROOT = iphoneos;
				SWIFT_OPTIMIZATION_LEVEL = "-Onone";
			};
			name = Debug;
		};
		CA18B2771B5CE2EE00089DA6 /* Release */ = {
			isa = XCBuildConfiguration;
			buildSettings = {
				ALWAYS_SEARCH_USER_PATHS = NO;
				CLANG_CXX_LANGUAGE_STANDARD = "gnu++0x";
				CLANG_CXX_LIBRARY = "libc++";
				CLANG_ENABLE_MODULES = YES;
				CLANG_ENABLE_OBJC_ARC = YES;
				CLANG_WARN_BOOL_CONVERSION = YES;
				CLANG_WARN_CONSTANT_CONVERSION = YES;
				CLANG_WARN_DIRECT_OBJC_ISA_USAGE = YES_ERROR;
				CLANG_WARN_EMPTY_BODY = YES;
				CLANG_WARN_ENUM_CONVERSION = YES;
				CLANG_WARN_INT_CONVERSION = YES;
				CLANG_WARN_OBJC_ROOT_CLASS = YES_ERROR;
				CLANG_WARN_UNREACHABLE_CODE = YES;
				CLANG_WARN__DUPLICATE_METHOD_MATCH = YES;
				"CODE_SIGN_IDENTITY[sdk=iphoneos*]" = "iPhone Developer";
				COPY_PHASE_STRIP = NO;
				DEBUG_INFORMATION_FORMAT = "dwarf-with-dsym";
				ENABLE_NS_ASSERTIONS = NO;
				ENABLE_STRICT_OBJC_MSGSEND = YES;
				GCC_C_LANGUAGE_STANDARD = gnu99;
				GCC_NO_COMMON_BLOCKS = YES;
				GCC_WARN_64_TO_32_BIT_CONVERSION = YES;
				GCC_WARN_ABOUT_RETURN_TYPE = YES_ERROR;
				GCC_WARN_UNDECLARED_SELECTOR = YES;
				GCC_WARN_UNINITIALIZED_AUTOS = YES_AGGRESSIVE;
				GCC_WARN_UNUSED_FUNCTION = YES;
				GCC_WARN_UNUSED_VARIABLE = YES;
				IPHONEOS_DEPLOYMENT_TARGET = 8.3;
				MTL_ENABLE_DEBUG_INFO = NO;
				SDKROOT = iphoneos;
				VALIDATE_PRODUCT = YES;
			};
			name = Release;
		};
		CA18B2791B5CE2EE00089DA6 /* Debug */ = {
			isa = XCBuildConfiguration;
			buildSettings = {
				ASSETCATALOG_COMPILER_APPICON_NAME = AppIcon;
				INFOPLIST_FILE = LocalNotifi/Info.plist;
				LD_RUNPATH_SEARCH_PATHS = "$(inherited) @executable_path/Frameworks";
				PRODUCT_NAME = "$(TARGET_NAME)";
			};
			name = Debug;
		};
		CA18B27A1B5CE2EE00089DA6 /* Release */ = {
			isa = XCBuildConfiguration;
			buildSettings = {
				ASSETCATALOG_COMPILER_APPICON_NAME = AppIcon;
				INFOPLIST_FILE = LocalNotifi/Info.plist;
				LD_RUNPATH_SEARCH_PATHS = "$(inherited) @executable_path/Frameworks";
				PRODUCT_NAME = "$(TARGET_NAME)";
			};
			name = Release;
		};
		CA18B27C1B5CE2EE00089DA6 /* Debug */ = {
			isa = XCBuildConfiguration;
			buildSettings = {
				BUNDLE_LOADER = "$(TEST_HOST)";
				FRAMEWORK_SEARCH_PATHS = (
					"$(SDKROOT)/Developer/Library/Frameworks",
					"$(inherited)",
				);
				GCC_PREPROCESSOR_DEFINITIONS = (
					"DEBUG=1",
					"$(inherited)",
				);
				INFOPLIST_FILE = LocalNotifiTests/Info.plist;
				LD_RUNPATH_SEARCH_PATHS = "$(inherited) @executable_path/Frameworks @loader_path/Frameworks";
				PRODUCT_NAME = "$(TARGET_NAME)";
				TEST_HOST = "$(BUILT_PRODUCTS_DIR)/LocalNotifi.app/LocalNotifi";
			};
			name = Debug;
		};
		CA18B27D1B5CE2EE00089DA6 /* Release */ = {
			isa = XCBuildConfiguration;
			buildSettings = {
				BUNDLE_LOADER = "$(TEST_HOST)";
				FRAMEWORK_SEARCH_PATHS = (
					"$(SDKROOT)/Developer/Library/Frameworks",
					"$(inherited)",
				);
				INFOPLIST_FILE = LocalNotifiTests/Info.plist;
				LD_RUNPATH_SEARCH_PATHS = "$(inherited) @executable_path/Frameworks @loader_path/Frameworks";
				PRODUCT_NAME = "$(TARGET_NAME)";
				TEST_HOST = "$(BUILT_PRODUCTS_DIR)/LocalNotifi.app/LocalNotifi";
			};
			name = Release;
		};
/* End XCBuildConfiguration section */

/* Begin XCConfigurationList section */
		CA18B2541B5CE2ED00089DA6 /* Build configuration list for PBXProject "LocalNotifi" */ = {
			isa = XCConfigurationList;
			buildConfigurations = (
				CA18B2761B5CE2EE00089DA6 /* Debug */,
				CA18B2771B5CE2EE00089DA6 /* Release */,
			);
			defaultConfigurationIsVisible = 0;
			defaultConfigurationName = Release;
		};
		CA18B2781B5CE2EE00089DA6 /* Build configuration list for PBXNativeTarget "LocalNotifi" */ = {
			isa = XCConfigurationList;
			buildConfigurations = (
				CA18B2791B5CE2EE00089DA6 /* Debug */,
				CA18B27A1B5CE2EE00089DA6 /* Release */,
			);
			defaultConfigurationIsVisible = 0;
		};
		CA18B27B1B5CE2EE00089DA6 /* Build configuration list for PBXNativeTarget "LocalNotifiTests" */ = {
			isa = XCConfigurationList;
			buildConfigurations = (
				CA18B27C1B5CE2EE00089DA6 /* Debug */,
				CA18B27D1B5CE2EE00089DA6 /* Release */,
			);
			defaultConfigurationIsVisible = 0;
		};
/* End XCConfigurationList section */
	};
	rootObject = CA18B2511B5CE2ED00089DA6 /* Project object */;
}
